// !$*UTF8*$!
{
	archiveVersion = 1;
	classes = {
	};
	objectVersion = 46;
	objects = {

/* Begin PBXBuildFile section */
		A012F19F199E35EE00320C3B /* Subject.m in Sources */ = {isa = PBXBuildFile; fileRef = A012F19E199E35EE00320C3B /* Subject.m */; };
		A012F1A2199E35EF00320C3B /* Exchange.m in Sources */ = {isa = PBXBuildFile; fileRef = A012F1A1199E35EF00320C3B /* Exchange.m */; };
		A012F1A5199E35EF00320C3B /* Login.m in Sources */ = {isa = PBXBuildFile; fileRef = A012F1A4199E35EF00320C3B /* Login.m */; };
		A012F1AB199E35EF00320C3B /* Teacher.m in Sources */ = {isa = PBXBuildFile; fileRef = A012F1AA199E35EF00320C3B /* Teacher.m */; };
		A012F1AE199E35EF00320C3B /* User.m in Sources */ = {isa = PBXBuildFile; fileRef = A012F1AD199E35EF00320C3B /* User.m */; };
		A036D38819ADDE8F00CD9850 /* Montserrat-Bold.ttf in Resources */ = {isa = PBXBuildFile; fileRef = A036D38619ADDE8F00CD9850 /* Montserrat-Bold.ttf */; };
		A036D38919ADDE8F00CD9850 /* Montserrat-Regular.ttf in Resources */ = {isa = PBXBuildFile; fileRef = A036D38719ADDE8F00CD9850 /* Montserrat-Regular.ttf */; };
		A0433BB619A7B9F2001FD407 /* TutorialViewController.m in Sources */ = {isa = PBXBuildFile; fileRef = A0433BB419A7B9F2001FD407 /* TutorialViewController.m */; };
		A0433BB719A7B9F2001FD407 /* TutorialViewController.xib in Resources */ = {isa = PBXBuildFile; fileRef = A0433BB519A7B9F2001FD407 /* TutorialViewController.xib */; };
		A0433BBC19A7BF25001FD407 /* AboutViewController.m in Sources */ = {isa = PBXBuildFile; fileRef = A0433BBA19A7BF25001FD407 /* AboutViewController.m */; };
		A0433BBD19A7BF25001FD407 /* AboutViewController.xib in Resources */ = {isa = PBXBuildFile; fileRef = A0433BBB19A7BF25001FD407 /* AboutViewController.xib */; };
		A045777919A3B7EA00143159 /* arrow.png in Resources */ = {isa = PBXBuildFile; fileRef = A045777819A3B7EA00143159 /* arrow.png */; };
		A060C1B91997CCD700C4C876 /* Foundation.framework in Frameworks */ = {isa = PBXBuildFile; fileRef = A060C1B81997CCD700C4C876 /* Foundation.framework */; };
		A060C1BB1997CCD700C4C876 /* CoreGraphics.framework in Frameworks */ = {isa = PBXBuildFile; fileRef = A060C1BA1997CCD700C4C876 /* CoreGraphics.framework */; };
		A060C1BD1997CCD700C4C876 /* UIKit.framework in Frameworks */ = {isa = PBXBuildFile; fileRef = A060C1BC1997CCD700C4C876 /* UIKit.framework */; };
		A060C1C31997CCD700C4C876 /* InfoPlist.strings in Resources */ = {isa = PBXBuildFile; fileRef = A060C1C11997CCD700C4C876 /* InfoPlist.strings */; };
		A060C1C51997CCD700C4C876 /* main.m in Sources */ = {isa = PBXBuildFile; fileRef = A060C1C41997CCD700C4C876 /* main.m */; };
		A060C1D41997CCD700C4C876 /* Images.xcassets in Resources */ = {isa = PBXBuildFile; fileRef = A060C1D31997CCD700C4C876 /* Images.xcassets */; };
		A060C1DB1997CCD700C4C876 /* XCTest.framework in Frameworks */ = {isa = PBXBuildFile; fileRef = A060C1DA1997CCD700C4C876 /* XCTest.framework */; };
		A060C1DC1997CCD700C4C876 /* Foundation.framework in Frameworks */ = {isa = PBXBuildFile; fileRef = A060C1B81997CCD700C4C876 /* Foundation.framework */; };
		A060C1DD1997CCD700C4C876 /* UIKit.framework in Frameworks */ = {isa = PBXBuildFile; fileRef = A060C1BC1997CCD700C4C876 /* UIKit.framework */; };
		A060C1E51997CCD700C4C876 /* InfoPlist.strings in Resources */ = {isa = PBXBuildFile; fileRef = A060C1E31997CCD700C4C876 /* InfoPlist.strings */; };
		A060C1E71997CCD700C4C876 /* iNeedClassTests.m in Sources */ = {isa = PBXBuildFile; fileRef = A060C1E61997CCD700C4C876 /* iNeedClassTests.m */; };
		A060C1F81997CE3300C4C876 /* AppDelegate.m in Sources */ = {isa = PBXBuildFile; fileRef = A060C1F21997CE3300C4C876 /* AppDelegate.m */; };
		A060C2091997D0FA00C4C876 /* ConfigHelper.m in Sources */ = {isa = PBXBuildFile; fileRef = A060C2011997D0FA00C4C876 /* ConfigHelper.m */; };
		A060C20B1997D0FA00C4C876 /* UIColor+RGB.m in Sources */ = {isa = PBXBuildFile; fileRef = A060C2061997D0FA00C4C876 /* UIColor+RGB.m */; };
		A060C20C1997D0FA00C4C876 /* Utils.m in Sources */ = {isa = PBXBuildFile; fileRef = A060C2081997D0FA00C4C876 /* Utils.m */; };
		A060C2141997DA2100C4C876 /* HomeViewController.m in Sources */ = {isa = PBXBuildFile; fileRef = A060C2121997DA2100C4C876 /* HomeViewController.m */; };
		A060C2151997DA2100C4C876 /* HomeViewController.xib in Resources */ = {isa = PBXBuildFile; fileRef = A060C2131997DA2100C4C876 /* HomeViewController.xib */; };
		A060C21A1997DAE500C4C876 /* iNeedClass.xcdatamodeld in Sources */ = {isa = PBXBuildFile; fileRef = A060C2181997DAE500C4C876 /* iNeedClass.xcdatamodeld */; };
		A0A27B9219A11D6B00E376D5 /* 1136iPhone.png in Resources */ = {isa = PBXBuildFile; fileRef = A0A27B9019A11D6B00E376D5 /* 1136iPhone.png */; };
		A0A27B9319A11D6B00E376D5 /* 960iPhone.png in Resources */ = {isa = PBXBuildFile; fileRef = A0A27B9119A11D6B00E376D5 /* 960iPhone.png */; };
		A0A2B2C4199F9D63001734AF /* CategoryType.m in Sources */ = {isa = PBXBuildFile; fileRef = A0A2B2C3199F9D63001734AF /* CategoryType.m */; };
		A0A2B2E5199FA915001734AF /* MenuViewController.m in Sources */ = {isa = PBXBuildFile; fileRef = A0A2B2E3199FA915001734AF /* MenuViewController.m */; };
		A0A2B2E6199FA915001734AF /* MenuViewController.xib in Resources */ = {isa = PBXBuildFile; fileRef = A0A2B2E4199FA915001734AF /* MenuViewController.xib */; };
		A0A302A319A2755600947E72 /* 960iPhone2.png in Resources */ = {isa = PBXBuildFile; fileRef = A0A302A119A2755600947E72 /* 960iPhone2.png */; };
		A0A302A419A2755600947E72 /* 1136iPhone2.png in Resources */ = {isa = PBXBuildFile; fileRef = A0A302A219A2755600947E72 /* 1136iPhone2.png */; };
		A0A423CF19A2506200F3D1E0 /* CBZSplashView.m in Sources */ = {isa = PBXBuildFile; fileRef = A0A423CE19A2506200F3D1E0 /* CBZSplashView.m */; };
		A0A717C719A8A61D000C6527 /* IntroViewController.m in Sources */ = {isa = PBXBuildFile; fileRef = A0A717C519A8A61D000C6527 /* IntroViewController.m */; };
		A0A717C819A8A61D000C6527 /* IntroViewController.xib in Resources */ = {isa = PBXBuildFile; fileRef = A0A717C619A8A61D000C6527 /* IntroViewController.xib */; };
		A0A717CC19A8ACB3000C6527 /* perfilMustache.png in Resources */ = {isa = PBXBuildFile; fileRef = A0A717CB19A8ACB3000C6527 /* perfilMustache.png */; };
		A0A717D419A8B581000C6527 /* MenuItemCell.m in Sources */ = {isa = PBXBuildFile; fileRef = A0A717D219A8B581000C6527 /* MenuItemCell.m */; };
		A0A717D519A8B581000C6527 /* MenuItemCell.xib in Resources */ = {isa = PBXBuildFile; fileRef = A0A717D319A8B581000C6527 /* MenuItemCell.xib */; };
		A0A717D719A8E5D2000C6527 /* x.png in Resources */ = {isa = PBXBuildFile; fileRef = A0A717D619A8E5D2000C6527 /* x.png */; };
		A0A8429219AA016E002968A2 /* edit-50.png in Resources */ = {isa = PBXBuildFile; fileRef = A0A8428D19AA016E002968A2 /* edit-50.png */; };
		A0A8429319AA016E002968A2 /* data_in_both_directions-50.png in Resources */ = {isa = PBXBuildFile; fileRef = A0A8428E19AA016E002968A2 /* data_in_both_directions-50.png */; };
		A0A8429419AA016E002968A2 /* courses-50.png in Resources */ = {isa = PBXBuildFile; fileRef = A0A8428F19AA016E002968A2 /* courses-50.png */; };
		A0A8429519AA016E002968A2 /* school-50.png in Resources */ = {isa = PBXBuildFile; fileRef = A0A8429019AA016E002968A2 /* school-50.png */; };
		A0A8429619AA016E002968A2 /* home-50.png in Resources */ = {isa = PBXBuildFile; fileRef = A0A8429119AA016E002968A2 /* home-50.png */; };
		A0A8429819AA2F61002968A2 /* enter-50.png in Resources */ = {isa = PBXBuildFile; fileRef = A0A8429719AA2F61002968A2 /* enter-50.png */; };
		A0AABEFF19A10C44008E3F99 /* menu.png in Resources */ = {isa = PBXBuildFile; fileRef = A0AABEFE19A10C44008E3F99 /* menu.png */; };
		A0AABF0119A10D7B008E3F99 /* settings.png in Resources */ = {isa = PBXBuildFile; fileRef = A0AABF0019A10D7B008E3F99 /* settings.png */; };
		A0AABF0319A10E4C008E3F99 /* Doctor100.png in Resources */ = {isa = PBXBuildFile; fileRef = A0AABF0219A10E4C008E3F99 /* Doctor100.png */; };
		A0AABF0519A110BC008E3F99 /* inclogo100.png in Resources */ = {isa = PBXBuildFile; fileRef = A0AABF0419A110BC008E3F99 /* inclogo100.png */; };
		A0AABF0819A11229008E3F99 /* clases100.png in Resources */ = {isa = PBXBuildFile; fileRef = A0AABF0619A11229008E3F99 /* clases100.png */; };
		A0AABF0919A11229008E3F99 /* intercambio100.png in Resources */ = {isa = PBXBuildFile; fileRef = A0AABF0719A11229008E3F99 /* intercambio100.png */; };
		A0AABF0B19A11618008E3F99 /* borde100.png in Resources */ = {isa = PBXBuildFile; fileRef = A0AABF0A19A11618008E3F99 /* borde100.png */; };
		A0AABF1A19A11A73008E3F99 /* Icon-120.png in Resources */ = {isa = PBXBuildFile; fileRef = A0AABF0D19A11A73008E3F99 /* Icon-120.png */; };
		A0AABF1B19A11A73008E3F99 /* Icon-72.png in Resources */ = {isa = PBXBuildFile; fileRef = A0AABF0E19A11A73008E3F99 /* Icon-72.png */; };
		A0AABF1C19A11A73008E3F99 /* Icon-72@2x.png in Resources */ = {isa = PBXBuildFile; fileRef = A0AABF0F19A11A73008E3F99 /* Icon-72@2x.png */; };
		A0AABF1D19A11A73008E3F99 /* Icon-76.png in Resources */ = {isa = PBXBuildFile; fileRef = A0AABF1019A11A73008E3F99 /* Icon-76.png */; };
		A0AABF1E19A11A73008E3F99 /* Icon-76@2x.png in Resources */ = {isa = PBXBuildFile; fileRef = A0AABF1119A11A73008E3F99 /* Icon-76@2x.png */; };
		A0AABF1F19A11A73008E3F99 /* Icon-iPad-Spotlight-iOS7@2x.png in Resources */ = {isa = PBXBuildFile; fileRef = A0AABF1219A11A73008E3F99 /* Icon-iPad-Spotlight-iOS7@2x.png */; };
		A0AABF2019A11A73008E3F99 /* Icon-Small-50.png in Resources */ = {isa = PBXBuildFile; fileRef = A0AABF1319A11A73008E3F99 /* Icon-Small-50.png */; };
		A0AABF2119A11A73008E3F99 /* Icon-Small.png in Resources */ = {isa = PBXBuildFile; fileRef = A0AABF1419A11A73008E3F99 /* Icon-Small.png */; };
		A0AABF2219A11A73008E3F99 /* Icon-Small@2x.png in Resources */ = {isa = PBXBuildFile; fileRef = A0AABF1519A11A73008E3F99 /* Icon-Small@2x.png */; };
		A0AABF2319A11A73008E3F99 /* Icon-Spotlight-iOS7.png in Resources */ = {isa = PBXBuildFile; fileRef = A0AABF1619A11A73008E3F99 /* Icon-Spotlight-iOS7.png */; };
		A0AABF2419A11A73008E3F99 /* Icon-Spotlight-iOS7@2x.png in Resources */ = {isa = PBXBuildFile; fileRef = A0AABF1719A11A73008E3F99 /* Icon-Spotlight-iOS7@2x.png */; };
		A0AABF2519A11A73008E3F99 /* Icon.png in Resources */ = {isa = PBXBuildFile; fileRef = A0AABF1819A11A73008E3F99 /* Icon.png */; };
		A0AABF2619A11A73008E3F99 /* Icon@2x.png in Resources */ = {isa = PBXBuildFile; fileRef = A0AABF1919A11A73008E3F99 /* Icon@2x.png */; };
		C62BFCF21A1E092E00D84ED5 /* Home2ViewController.m in Sources */ = {isa = PBXBuildFile; fileRef = C62BFCF01A1E092E00D84ED5 /* Home2ViewController.m */; };
		C62BFCF31A1E092E00D84ED5 /* Home2ViewController.xib in Resources */ = {isa = PBXBuildFile; fileRef = C62BFCF11A1E092E00D84ED5 /* Home2ViewController.xib */; };
		C62BFCF71A1E0B6A00D84ED5 /* BFPaperTabBar.m in Sources */ = {isa = PBXBuildFile; fileRef = C62BFCF61A1E0B6A00D84ED5 /* BFPaperTabBar.m */; };
		C642AA3F19B4C3C6007EFA13 /* LoginViewController.m in Sources */ = {isa = PBXBuildFile; fileRef = C642AA3D19B4C3C6007EFA13 /* LoginViewController.m */; };
		C642AA4019B4C3C6007EFA13 /* LoginViewController.xib in Resources */ = {isa = PBXBuildFile; fileRef = C642AA3E19B4C3C6007EFA13 /* LoginViewController.xib */; };
		C6467D8819B2467C0041CAE8 /* drtuto1.png in Resources */ = {isa = PBXBuildFile; fileRef = C6467D8419B2467C0041CAE8 /* drtuto1.png */; };
		C6467D8919B2467C0041CAE8 /* drtuto2.png in Resources */ = {isa = PBXBuildFile; fileRef = C6467D8519B2467C0041CAE8 /* drtuto2.png */; };
		C6467D8B19B2467C0041CAE8 /* drtuto4.png in Resources */ = {isa = PBXBuildFile; fileRef = C6467D8719B2467C0041CAE8 /* drtuto4.png */; };
		C695316719B77E9400886DD0 /* FacebookSDK.framework in Frameworks */ = {isa = PBXBuildFile; fileRef = C695316619B77E9400886DD0 /* FacebookSDK.framework */; };
		C6A24A4919BA2CCD00175981 /* bocadillo-white.png in Resources */ = {isa = PBXBuildFile; fileRef = C6A24A4819BA2CCD00175981 /* bocadillo-white.png */; };
		C6AB469619AF0E6900F710B1 /* Business-Situations_05_01.png in Resources */ = {isa = PBXBuildFile; fileRef = C6AB468819AF0E6900F710B1 /* Business-Situations_05_01.png */; };
		C6AB469719AF0E6900F710B1 /* Business-Situations_05_02.png in Resources */ = {isa = PBXBuildFile; fileRef = C6AB468919AF0E6900F710B1 /* Business-Situations_05_02.png */; };
		C6AB469819AF0E6900F710B1 /* Business-Situations_05_03.png in Resources */ = {isa = PBXBuildFile; fileRef = C6AB468A19AF0E6900F710B1 /* Business-Situations_05_03.png */; };
		C6AB469919AF0E6900F710B1 /* Business-Situations_05_04.png in Resources */ = {isa = PBXBuildFile; fileRef = C6AB468B19AF0E6900F710B1 /* Business-Situations_05_04.png */; };
		C6AB469A19AF0E6900F710B1 /* Business-Situations_05_05.png in Resources */ = {isa = PBXBuildFile; fileRef = C6AB468C19AF0E6900F710B1 /* Business-Situations_05_05.png */; };
		C6AB469B19AF0E6900F710B1 /* Business-Situations_05_06.png in Resources */ = {isa = PBXBuildFile; fileRef = C6AB468D19AF0E6900F710B1 /* Business-Situations_05_06.png */; };
		C6AB469C19AF0E6900F710B1 /* Business-Situations_05_07.png in Resources */ = {isa = PBXBuildFile; fileRef = C6AB468E19AF0E6900F710B1 /* Business-Situations_05_07.png */; };
		C6AB469D19AF0E6900F710B1 /* Business-Situations_05_08.png in Resources */ = {isa = PBXBuildFile; fileRef = C6AB468F19AF0E6900F710B1 /* Business-Situations_05_08.png */; };
		C6AB469E19AF0E6900F710B1 /* Business-Situations_05_09.png in Resources */ = {isa = PBXBuildFile; fileRef = C6AB469019AF0E6900F710B1 /* Business-Situations_05_09.png */; };
		C6AB469F19AF0E6900F710B1 /* Business-Situations_05_10.png in Resources */ = {isa = PBXBuildFile; fileRef = C6AB469119AF0E6900F710B1 /* Business-Situations_05_10.png */; };
		C6AB46A019AF0E6900F710B1 /* Business-Situations_05_11.png in Resources */ = {isa = PBXBuildFile; fileRef = C6AB469219AF0E6900F710B1 /* Business-Situations_05_11.png */; };
		C6AB46A119AF0E6900F710B1 /* Business-Situations_05_12.png in Resources */ = {isa = PBXBuildFile; fileRef = C6AB469319AF0E6900F710B1 /* Business-Situations_05_12.png */; };
		C6AB46A219AF0E6900F710B1 /* Business-Situations_05_13.png in Resources */ = {isa = PBXBuildFile; fileRef = C6AB469419AF0E6900F710B1 /* Business-Situations_05_13.png */; };
		C6AB46A319AF0E6900F710B1 /* Business-Situations_05_14.png in Resources */ = {isa = PBXBuildFile; fileRef = C6AB469519AF0E6900F710B1 /* Business-Situations_05_14.png */; };
		C6C41ADF19AF3D95002F8876 /* tattoo.png in Resources */ = {isa = PBXBuildFile; fileRef = C6C41ADE19AF3D95002F8876 /* tattoo.png */; };
		C6C41AE119AF5748002F8876 /* QuartzCore.framework in Frameworks */ = {isa = PBXBuildFile; fileRef = C6C41AE019AF5748002F8876 /* QuartzCore.framework */; };
		C6DB41711A1D13D300179803 /* CAAnimation+PKIdentifier.m in Sources */ = {isa = PBXBuildFile; fileRef = C6DB41541A1D13D300179803 /* CAAnimation+PKIdentifier.m */; };
		C6DB41721A1D13D300179803 /* CALayer+PKConvenienceAnimations.m in Sources */ = {isa = PBXBuildFile; fileRef = C6DB41561A1D13D300179803 /* CALayer+PKConvenienceAnimations.m */; };
		C6DB41731A1D13D300179803 /* NSObject+PKBlocks.m in Sources */ = {isa = PBXBuildFile; fileRef = C6DB41581A1D13D300179803 /* NSObject+PKBlocks.m */; };
		C6DB41741A1D13D300179803 /* UIViewController+PKRevealController.m in Sources */ = {isa = PBXBuildFile; fileRef = C6DB415A1A1D13D300179803 /* UIViewController+PKRevealController.m */; };
		C6DB41751A1D13D300179803 /* PKRevealControllerView.m in Sources */ = {isa = PBXBuildFile; fileRef = C6DB415D1A1D13D300179803 /* PKRevealControllerView.m */; };
		C6DB41761A1D13D300179803 /* PKAnimation.m in Sources */ = {isa = PBXBuildFile; fileRef = C6DB41621A1D13D300179803 /* PKAnimation.m */; };
		C6DB41771A1D13D300179803 /* PKLayerAnimator.m in Sources */ = {isa = PBXBuildFile; fileRef = C6DB41641A1D13D300179803 /* PKLayerAnimator.m */; };
		C6DB41781A1D13D300179803 /* PKSequentialAnimation.m in Sources */ = {isa = PBXBuildFile; fileRef = C6DB41661A1D13D300179803 /* PKSequentialAnimation.m */; };
		C6DB41791A1D13D300179803 /* PKLog.m in Sources */ = {isa = PBXBuildFile; fileRef = C6DB41691A1D13D300179803 /* PKLog.m */; };
		C6DB417A1A1D13D300179803 /* PKRevealController.m in Sources */ = {isa = PBXBuildFile; fileRef = C6DB416D1A1D13D300179803 /* PKRevealController.m */; };
		C6DB418C1A1D189C00179803 /* courses-50White.png in Resources */ = {isa = PBXBuildFile; fileRef = C6DB41841A1D189C00179803 /* courses-50White.png */; };
		C6DB418D1A1D189C00179803 /* data_in_both_directions-50White.png in Resources */ = {isa = PBXBuildFile; fileRef = C6DB41851A1D189C00179803 /* data_in_both_directions-50White.png */; };
		C6DB418E1A1D189C00179803 /* edit-50White.png in Resources */ = {isa = PBXBuildFile; fileRef = C6DB41861A1D189C00179803 /* edit-50White.png */; };
		C6DB418F1A1D189C00179803 /* enter-50White.png in Resources */ = {isa = PBXBuildFile; fileRef = C6DB41871A1D189C00179803 /* enter-50White.png */; };
		C6DB41901A1D189C00179803 /* home-50White.png in Resources */ = {isa = PBXBuildFile; fileRef = C6DB41881A1D189C00179803 /* home-50White.png */; };
		C6DB41911A1D189C00179803 /* menuWhite.png in Resources */ = {isa = PBXBuildFile; fileRef = C6DB41891A1D189C00179803 /* menuWhite.png */; };
		C6DB41921A1D189C00179803 /* school-50White.png in Resources */ = {isa = PBXBuildFile; fileRef = C6DB418A1A1D189C00179803 /* school-50White.png */; };
		C6DB41931A1D189C00179803 /* settingsWhite.png in Resources */ = {isa = PBXBuildFile; fileRef = C6DB418B1A1D189C00179803 /* settingsWhite.png */; };
		C6DB41951A1D198500179803 /* x24.png in Resources */ = {isa = PBXBuildFile; fileRef = C6DB41941A1D198500179803 /* x24.png */; };
		C6F22E5419B3B711003C79C4 /* drtuto3.png in Resources */ = {isa = PBXBuildFile; fileRef = C6F22E5319B3B711003C79C4 /* drtuto3.png */; };
/* End PBXBuildFile section */

/* Begin PBXContainerItemProxy section */
		A060C1DE1997CCD700C4C876 /* PBXContainerItemProxy */ = {
			isa = PBXContainerItemProxy;
			containerPortal = A060C1AD1997CCD600C4C876 /* Project object */;
			proxyType = 1;
			remoteGlobalIDString = A060C1B41997CCD700C4C876;
			remoteInfo = iNeedClass;
		};
		C6DB41821A1D15FD00179803 /* PBXContainerItemProxy */ = {
			isa = PBXContainerItemProxy;
			containerPortal = C6DB416E1A1D13D300179803 /* PKRevealController.xcodeproj */;
			proxyType = 2;
			remoteGlobalIDString = F9621E7B1815246000469E41;
			remoteInfo = PKRevealController;
		};
/* End PBXContainerItemProxy section */

/* Begin PBXFileReference section */
		A012F19D199E35EE00320C3B /* Subject.h */ = {isa = PBXFileReference; fileEncoding = 4; lastKnownFileType = sourcecode.c.h; path = Subject.h; sourceTree = "<group>"; };
		A012F19E199E35EE00320C3B /* Subject.m */ = {isa = PBXFileReference; fileEncoding = 4; lastKnownFileType = sourcecode.c.objc; path = Subject.m; sourceTree = "<group>"; };
		A012F1A0199E35EF00320C3B /* Exchange.h */ = {isa = PBXFileReference; fileEncoding = 4; lastKnownFileType = sourcecode.c.h; path = Exchange.h; sourceTree = "<group>"; };
		A012F1A1199E35EF00320C3B /* Exchange.m */ = {isa = PBXFileReference; fileEncoding = 4; lastKnownFileType = sourcecode.c.objc; path = Exchange.m; sourceTree = "<group>"; };
		A012F1A3199E35EF00320C3B /* Login.h */ = {isa = PBXFileReference; fileEncoding = 4; lastKnownFileType = sourcecode.c.h; path = Login.h; sourceTree = "<group>"; };
		A012F1A4199E35EF00320C3B /* Login.m */ = {isa = PBXFileReference; fileEncoding = 4; lastKnownFileType = sourcecode.c.objc; path = Login.m; sourceTree = "<group>"; };
		A012F1A9199E35EF00320C3B /* Teacher.h */ = {isa = PBXFileReference; fileEncoding = 4; lastKnownFileType = sourcecode.c.h; path = Teacher.h; sourceTree = "<group>"; };
		A012F1AA199E35EF00320C3B /* Teacher.m */ = {isa = PBXFileReference; fileEncoding = 4; lastKnownFileType = sourcecode.c.objc; path = Teacher.m; sourceTree = "<group>"; };
		A012F1AC199E35EF00320C3B /* User.h */ = {isa = PBXFileReference; fileEncoding = 4; lastKnownFileType = sourcecode.c.h; path = User.h; sourceTree = "<group>"; };
		A012F1AD199E35EF00320C3B /* User.m */ = {isa = PBXFileReference; fileEncoding = 4; lastKnownFileType = sourcecode.c.objc; path = User.m; sourceTree = "<group>"; };
		A036D38619ADDE8F00CD9850 /* Montserrat-Bold.ttf */ = {isa = PBXFileReference; lastKnownFileType = file; path = "Montserrat-Bold.ttf"; sourceTree = "<group>"; };
		A036D38719ADDE8F00CD9850 /* Montserrat-Regular.ttf */ = {isa = PBXFileReference; lastKnownFileType = file; path = "Montserrat-Regular.ttf"; sourceTree = "<group>"; };
		A0433BB319A7B9F2001FD407 /* TutorialViewController.h */ = {isa = PBXFileReference; fileEncoding = 4; lastKnownFileType = sourcecode.c.h; path = TutorialViewController.h; sourceTree = "<group>"; };
		A0433BB419A7B9F2001FD407 /* TutorialViewController.m */ = {isa = PBXFileReference; fileEncoding = 4; lastKnownFileType = sourcecode.c.objc; path = TutorialViewController.m; sourceTree = "<group>"; };
		A0433BB519A7B9F2001FD407 /* TutorialViewController.xib */ = {isa = PBXFileReference; fileEncoding = 4; lastKnownFileType = file.xib; path = TutorialViewController.xib; sourceTree = "<group>"; };
		A0433BB919A7BF25001FD407 /* AboutViewController.h */ = {isa = PBXFileReference; fileEncoding = 4; lastKnownFileType = sourcecode.c.h; path = AboutViewController.h; sourceTree = "<group>"; };
		A0433BBA19A7BF25001FD407 /* AboutViewController.m */ = {isa = PBXFileReference; fileEncoding = 4; lastKnownFileType = sourcecode.c.objc; path = AboutViewController.m; sourceTree = "<group>"; };
		A0433BBB19A7BF25001FD407 /* AboutViewController.xib */ = {isa = PBXFileReference; fileEncoding = 4; lastKnownFileType = file.xib; path = AboutViewController.xib; sourceTree = "<group>"; };
		A045777819A3B7EA00143159 /* arrow.png */ = {isa = PBXFileReference; lastKnownFileType = image.png; path = arrow.png; sourceTree = "<group>"; };
		A060C1B51997CCD700C4C876 /* iNeedClass.app */ = {isa = PBXFileReference; explicitFileType = wrapper.application; includeInIndex = 0; path = iNeedClass.app; sourceTree = BUILT_PRODUCTS_DIR; };
		A060C1B81997CCD700C4C876 /* Foundation.framework */ = {isa = PBXFileReference; lastKnownFileType = wrapper.framework; name = Foundation.framework; path = System/Library/Frameworks/Foundation.framework; sourceTree = SDKROOT; };
		A060C1BA1997CCD700C4C876 /* CoreGraphics.framework */ = {isa = PBXFileReference; lastKnownFileType = wrapper.framework; name = CoreGraphics.framework; path = System/Library/Frameworks/CoreGraphics.framework; sourceTree = SDKROOT; };
		A060C1BC1997CCD700C4C876 /* UIKit.framework */ = {isa = PBXFileReference; lastKnownFileType = wrapper.framework; name = UIKit.framework; path = System/Library/Frameworks/UIKit.framework; sourceTree = SDKROOT; };
		A060C1C01997CCD700C4C876 /* iNeedClass-Info.plist */ = {isa = PBXFileReference; lastKnownFileType = text.plist.xml; path = "iNeedClass-Info.plist"; sourceTree = "<group>"; };
		A060C1C21997CCD700C4C876 /* en */ = {isa = PBXFileReference; lastKnownFileType = text.plist.strings; name = en; path = en.lproj/InfoPlist.strings; sourceTree = "<group>"; };
		A060C1C41997CCD700C4C876 /* main.m */ = {isa = PBXFileReference; lastKnownFileType = sourcecode.c.objc; path = main.m; sourceTree = "<group>"; };
		A060C1C61997CCD700C4C876 /* iNeedClass-Prefix.pch */ = {isa = PBXFileReference; lastKnownFileType = sourcecode.c.h; path = "iNeedClass-Prefix.pch"; sourceTree = "<group>"; };
		A060C1D31997CCD700C4C876 /* Images.xcassets */ = {isa = PBXFileReference; lastKnownFileType = folder.assetcatalog; path = Images.xcassets; sourceTree = "<group>"; };
		A060C1D91997CCD700C4C876 /* iNeedClassTests.xctest */ = {isa = PBXFileReference; explicitFileType = wrapper.cfbundle; includeInIndex = 0; path = iNeedClassTests.xctest; sourceTree = BUILT_PRODUCTS_DIR; };
		A060C1DA1997CCD700C4C876 /* XCTest.framework */ = {isa = PBXFileReference; lastKnownFileType = wrapper.framework; name = XCTest.framework; path = Library/Frameworks/XCTest.framework; sourceTree = DEVELOPER_DIR; };
		A060C1E21997CCD700C4C876 /* iNeedClassTests-Info.plist */ = {isa = PBXFileReference; lastKnownFileType = text.plist.xml; path = "iNeedClassTests-Info.plist"; sourceTree = "<group>"; };
		A060C1E41997CCD700C4C876 /* en */ = {isa = PBXFileReference; lastKnownFileType = text.plist.strings; name = en; path = en.lproj/InfoPlist.strings; sourceTree = "<group>"; };
		A060C1E61997CCD700C4C876 /* iNeedClassTests.m */ = {isa = PBXFileReference; lastKnownFileType = sourcecode.c.objc; path = iNeedClassTests.m; sourceTree = "<group>"; };
		A060C1F11997CE3300C4C876 /* AppDelegate.h */ = {isa = PBXFileReference; fileEncoding = 4; lastKnownFileType = sourcecode.c.h; path = AppDelegate.h; sourceTree = "<group>"; };
		A060C1F21997CE3300C4C876 /* AppDelegate.m */ = {isa = PBXFileReference; fileEncoding = 4; lastKnownFileType = sourcecode.c.objc; path = AppDelegate.m; sourceTree = "<group>"; };
		A060C2001997D0FA00C4C876 /* ConfigHelper.h */ = {isa = PBXFileReference; fileEncoding = 4; lastKnownFileType = sourcecode.c.h; path = ConfigHelper.h; sourceTree = "<group>"; };
		A060C2011997D0FA00C4C876 /* ConfigHelper.m */ = {isa = PBXFileReference; fileEncoding = 4; lastKnownFileType = sourcecode.c.objc; path = ConfigHelper.m; sourceTree = "<group>"; };
		A060C2021997D0FA00C4C876 /* Defines.h */ = {isa = PBXFileReference; fileEncoding = 4; lastKnownFileType = sourcecode.c.h; path = Defines.h; sourceTree = "<group>"; };
		A060C2051997D0FA00C4C876 /* UIColor+RGB.h */ = {isa = PBXFileReference; fileEncoding = 4; lastKnownFileType = sourcecode.c.h; path = "UIColor+RGB.h"; sourceTree = "<group>"; };
		A060C2061997D0FA00C4C876 /* UIColor+RGB.m */ = {isa = PBXFileReference; fileEncoding = 4; lastKnownFileType = sourcecode.c.objc; path = "UIColor+RGB.m"; sourceTree = "<group>"; };
		A060C2071997D0FA00C4C876 /* Utils.h */ = {isa = PBXFileReference; fileEncoding = 4; lastKnownFileType = sourcecode.c.h; path = Utils.h; sourceTree = "<group>"; };
		A060C2081997D0FA00C4C876 /* Utils.m */ = {isa = PBXFileReference; fileEncoding = 4; lastKnownFileType = sourcecode.c.objc; path = Utils.m; sourceTree = "<group>"; };
		A060C2111997DA2100C4C876 /* HomeViewController.h */ = {isa = PBXFileReference; fileEncoding = 4; lastKnownFileType = sourcecode.c.h; name = HomeViewController.h; path = iPhone/Home/HomeViewController.h; sourceTree = "<group>"; };
		A060C2121997DA2100C4C876 /* HomeViewController.m */ = {isa = PBXFileReference; fileEncoding = 4; lastKnownFileType = sourcecode.c.objc; name = HomeViewController.m; path = iPhone/Home/HomeViewController.m; sourceTree = "<group>"; };
		A060C2131997DA2100C4C876 /* HomeViewController.xib */ = {isa = PBXFileReference; fileEncoding = 4; lastKnownFileType = file.xib; name = HomeViewController.xib; path = iPhone/Home/HomeViewController.xib; sourceTree = "<group>"; };
		A060C2191997DAE500C4C876 /* iNeedClass.xcdatamodel */ = {isa = PBXFileReference; lastKnownFileType = wrapper.xcdatamodel; path = iNeedClass.xcdatamodel; sourceTree = "<group>"; };
		A0A27B9019A11D6B00E376D5 /* 1136iPhone.png */ = {isa = PBXFileReference; lastKnownFileType = image.png; path = 1136iPhone.png; sourceTree = "<group>"; };
		A0A27B9119A11D6B00E376D5 /* 960iPhone.png */ = {isa = PBXFileReference; lastKnownFileType = image.png; path = 960iPhone.png; sourceTree = "<group>"; };
		A0A2B2C2199F9D63001734AF /* CategoryType.h */ = {isa = PBXFileReference; fileEncoding = 4; lastKnownFileType = sourcecode.c.h; path = CategoryType.h; sourceTree = "<group>"; };
		A0A2B2C3199F9D63001734AF /* CategoryType.m */ = {isa = PBXFileReference; fileEncoding = 4; lastKnownFileType = sourcecode.c.objc; path = CategoryType.m; sourceTree = "<group>"; };
		A0A2B2E2199FA915001734AF /* MenuViewController.h */ = {isa = PBXFileReference; fileEncoding = 4; lastKnownFileType = sourcecode.c.h; name = MenuViewController.h; path = iPhone/Menu/MenuViewController.h; sourceTree = "<group>"; };
		A0A2B2E3199FA915001734AF /* MenuViewController.m */ = {isa = PBXFileReference; fileEncoding = 4; lastKnownFileType = sourcecode.c.objc; name = MenuViewController.m; path = iPhone/Menu/MenuViewController.m; sourceTree = "<group>"; };
		A0A2B2E4199FA915001734AF /* MenuViewController.xib */ = {isa = PBXFileReference; fileEncoding = 4; lastKnownFileType = file.xib; name = MenuViewController.xib; path = iPhone/Menu/MenuViewController.xib; sourceTree = "<group>"; };
		A0A302A119A2755600947E72 /* 960iPhone2.png */ = {isa = PBXFileReference; lastKnownFileType = image.png; path = 960iPhone2.png; sourceTree = "<group>"; };
		A0A302A219A2755600947E72 /* 1136iPhone2.png */ = {isa = PBXFileReference; lastKnownFileType = image.png; path = 1136iPhone2.png; sourceTree = "<group>"; };
		A0A423CD19A2506200F3D1E0 /* CBZSplashView.h */ = {isa = PBXFileReference; fileEncoding = 4; lastKnownFileType = sourcecode.c.h; path = CBZSplashView.h; sourceTree = "<group>"; };
		A0A423CE19A2506200F3D1E0 /* CBZSplashView.m */ = {isa = PBXFileReference; fileEncoding = 4; lastKnownFileType = sourcecode.c.objc; path = CBZSplashView.m; sourceTree = "<group>"; };
		A0A717C419A8A61D000C6527 /* IntroViewController.h */ = {isa = PBXFileReference; fileEncoding = 4; lastKnownFileType = sourcecode.c.h; path = IntroViewController.h; sourceTree = "<group>"; };
		A0A717C519A8A61D000C6527 /* IntroViewController.m */ = {isa = PBXFileReference; fileEncoding = 4; lastKnownFileType = sourcecode.c.objc; path = IntroViewController.m; sourceTree = "<group>"; };
		A0A717C619A8A61D000C6527 /* IntroViewController.xib */ = {isa = PBXFileReference; fileEncoding = 4; lastKnownFileType = file.xib; path = IntroViewController.xib; sourceTree = "<group>"; };
		A0A717C919A8AB26000C6527 /* es */ = {isa = PBXFileReference; lastKnownFileType = text.plist.strings; name = es; path = es.lproj/InfoPlist.strings; sourceTree = "<group>"; };
		A0A717CA19A8AB26000C6527 /* es */ = {isa = PBXFileReference; lastKnownFileType = text.plist.strings; name = es; path = es.lproj/InfoPlist.strings; sourceTree = "<group>"; };
		A0A717CB19A8ACB3000C6527 /* perfilMustache.png */ = {isa = PBXFileReference; lastKnownFileType = image.png; name = perfilMustache.png; path = dr/perfilMustache.png; sourceTree = "<group>"; };
		A0A717D119A8B581000C6527 /* MenuItemCell.h */ = {isa = PBXFileReference; fileEncoding = 4; lastKnownFileType = sourcecode.c.h; path = MenuItemCell.h; sourceTree = "<group>"; };
		A0A717D219A8B581000C6527 /* MenuItemCell.m */ = {isa = PBXFileReference; fileEncoding = 4; lastKnownFileType = sourcecode.c.objc; path = MenuItemCell.m; sourceTree = "<group>"; };
		A0A717D319A8B581000C6527 /* MenuItemCell.xib */ = {isa = PBXFileReference; fileEncoding = 4; lastKnownFileType = file.xib; path = MenuItemCell.xib; sourceTree = "<group>"; };
		A0A717D619A8E5D2000C6527 /* x.png */ = {isa = PBXFileReference; lastKnownFileType = image.png; path = x.png; sourceTree = "<group>"; };
		A0A8428D19AA016E002968A2 /* edit-50.png */ = {isa = PBXFileReference; lastKnownFileType = image.png; path = "edit-50.png"; sourceTree = "<group>"; };
		A0A8428E19AA016E002968A2 /* data_in_both_directions-50.png */ = {isa = PBXFileReference; lastKnownFileType = image.png; path = "data_in_both_directions-50.png"; sourceTree = "<group>"; };
		A0A8428F19AA016E002968A2 /* courses-50.png */ = {isa = PBXFileReference; lastKnownFileType = image.png; path = "courses-50.png"; sourceTree = "<group>"; };
		A0A8429019AA016E002968A2 /* school-50.png */ = {isa = PBXFileReference; lastKnownFileType = image.png; path = "school-50.png"; sourceTree = "<group>"; };
		A0A8429119AA016E002968A2 /* home-50.png */ = {isa = PBXFileReference; lastKnownFileType = image.png; path = "home-50.png"; sourceTree = "<group>"; };
		A0A8429719AA2F61002968A2 /* enter-50.png */ = {isa = PBXFileReference; lastKnownFileType = image.png; path = "enter-50.png"; sourceTree = "<group>"; };
		A0AABEFE19A10C44008E3F99 /* menu.png */ = {isa = PBXFileReference; lastKnownFileType = image.png; path = menu.png; sourceTree = "<group>"; };
		A0AABF0019A10D7B008E3F99 /* settings.png */ = {isa = PBXFileReference; lastKnownFileType = image.png; path = settings.png; sourceTree = "<group>"; };
		A0AABF0219A10E4C008E3F99 /* Doctor100.png */ = {isa = PBXFileReference; lastKnownFileType = image.png; path = Doctor100.png; sourceTree = "<group>"; };
		A0AABF0419A110BC008E3F99 /* inclogo100.png */ = {isa = PBXFileReference; lastKnownFileType = image.png; path = inclogo100.png; sourceTree = "<group>"; };
		A0AABF0619A11229008E3F99 /* clases100.png */ = {isa = PBXFileReference; lastKnownFileType = image.png; path = clases100.png; sourceTree = "<group>"; };
		A0AABF0719A11229008E3F99 /* intercambio100.png */ = {isa = PBXFileReference; lastKnownFileType = image.png; path = intercambio100.png; sourceTree = "<group>"; };
		A0AABF0A19A11618008E3F99 /* borde100.png */ = {isa = PBXFileReference; lastKnownFileType = image.png; path = borde100.png; sourceTree = "<group>"; };
		A0AABF0D19A11A73008E3F99 /* Icon-120.png */ = {isa = PBXFileReference; lastKnownFileType = image.png; path = "Icon-120.png"; sourceTree = "<group>"; };
		A0AABF0E19A11A73008E3F99 /* Icon-72.png */ = {isa = PBXFileReference; lastKnownFileType = image.png; path = "Icon-72.png"; sourceTree = "<group>"; };
		A0AABF0F19A11A73008E3F99 /* Icon-72@2x.png */ = {isa = PBXFileReference; lastKnownFileType = image.png; path = "Icon-72@2x.png"; sourceTree = "<group>"; };
		A0AABF1019A11A73008E3F99 /* Icon-76.png */ = {isa = PBXFileReference; lastKnownFileType = image.png; path = "Icon-76.png"; sourceTree = "<group>"; };
		A0AABF1119A11A73008E3F99 /* Icon-76@2x.png */ = {isa = PBXFileReference; lastKnownFileType = image.png; path = "Icon-76@2x.png"; sourceTree = "<group>"; };
		A0AABF1219A11A73008E3F99 /* Icon-iPad-Spotlight-iOS7@2x.png */ = {isa = PBXFileReference; lastKnownFileType = image.png; path = "Icon-iPad-Spotlight-iOS7@2x.png"; sourceTree = "<group>"; };
		A0AABF1319A11A73008E3F99 /* Icon-Small-50.png */ = {isa = PBXFileReference; lastKnownFileType = image.png; path = "Icon-Small-50.png"; sourceTree = "<group>"; };
		A0AABF1419A11A73008E3F99 /* Icon-Small.png */ = {isa = PBXFileReference; lastKnownFileType = image.png; path = "Icon-Small.png"; sourceTree = "<group>"; };
		A0AABF1519A11A73008E3F99 /* Icon-Small@2x.png */ = {isa = PBXFileReference; lastKnownFileType = image.png; path = "Icon-Small@2x.png"; sourceTree = "<group>"; };
		A0AABF1619A11A73008E3F99 /* Icon-Spotlight-iOS7.png */ = {isa = PBXFileReference; lastKnownFileType = image.png; path = "Icon-Spotlight-iOS7.png"; sourceTree = "<group>"; };
		A0AABF1719A11A73008E3F99 /* Icon-Spotlight-iOS7@2x.png */ = {isa = PBXFileReference; lastKnownFileType = image.png; path = "Icon-Spotlight-iOS7@2x.png"; sourceTree = "<group>"; };
		A0AABF1819A11A73008E3F99 /* Icon.png */ = {isa = PBXFileReference; lastKnownFileType = image.png; path = Icon.png; sourceTree = "<group>"; };
		A0AABF1919A11A73008E3F99 /* Icon@2x.png */ = {isa = PBXFileReference; lastKnownFileType = image.png; path = "Icon@2x.png"; sourceTree = "<group>"; };
		C62BFCEF1A1E092E00D84ED5 /* Home2ViewController.h */ = {isa = PBXFileReference; fileEncoding = 4; lastKnownFileType = sourcecode.c.h; path = Home2ViewController.h; sourceTree = "<group>"; };
		C62BFCF01A1E092E00D84ED5 /* Home2ViewController.m */ = {isa = PBXFileReference; fileEncoding = 4; lastKnownFileType = sourcecode.c.objc; path = Home2ViewController.m; sourceTree = "<group>"; };
		C62BFCF11A1E092E00D84ED5 /* Home2ViewController.xib */ = {isa = PBXFileReference; fileEncoding = 4; lastKnownFileType = file.xib; path = Home2ViewController.xib; sourceTree = "<group>"; };
		C62BFCF51A1E0B6A00D84ED5 /* BFPaperTabBar.h */ = {isa = PBXFileReference; fileEncoding = 4; lastKnownFileType = sourcecode.c.h; path = BFPaperTabBar.h; sourceTree = "<group>"; };
		C62BFCF61A1E0B6A00D84ED5 /* BFPaperTabBar.m */ = {isa = PBXFileReference; fileEncoding = 4; lastKnownFileType = sourcecode.c.objc; path = BFPaperTabBar.m; sourceTree = "<group>"; };
		C642AA3C19B4C3C6007EFA13 /* LoginViewController.h */ = {isa = PBXFileReference; fileEncoding = 4; lastKnownFileType = sourcecode.c.h; path = LoginViewController.h; sourceTree = "<group>"; };
		C642AA3D19B4C3C6007EFA13 /* LoginViewController.m */ = {isa = PBXFileReference; fileEncoding = 4; lastKnownFileType = sourcecode.c.objc; path = LoginViewController.m; sourceTree = "<group>"; };
		C642AA3E19B4C3C6007EFA13 /* LoginViewController.xib */ = {isa = PBXFileReference; fileEncoding = 4; lastKnownFileType = file.xib; path = LoginViewController.xib; sourceTree = "<group>"; };
		C6467D8419B2467C0041CAE8 /* drtuto1.png */ = {isa = PBXFileReference; lastKnownFileType = image.png; path = drtuto1.png; sourceTree = "<group>"; };
		C6467D8519B2467C0041CAE8 /* drtuto2.png */ = {isa = PBXFileReference; lastKnownFileType = image.png; path = drtuto2.png; sourceTree = "<group>"; };
		C6467D8719B2467C0041CAE8 /* drtuto4.png */ = {isa = PBXFileReference; lastKnownFileType = image.png; path = drtuto4.png; sourceTree = "<group>"; };
		C695316619B77E9400886DD0 /* FacebookSDK.framework */ = {isa = PBXFileReference; lastKnownFileType = wrapper.framework; path = FacebookSDK.framework; sourceTree = "<group>"; };
		C6A24A4819BA2CCD00175981 /* bocadillo-white.png */ = {isa = PBXFileReference; lastKnownFileType = image.png; path = "bocadillo-white.png"; sourceTree = "<group>"; };
		C6AB468819AF0E6900F710B1 /* Business-Situations_05_01.png */ = {isa = PBXFileReference; lastKnownFileType = image.png; path = "Business-Situations_05_01.png"; sourceTree = "<group>"; };
		C6AB468919AF0E6900F710B1 /* Business-Situations_05_02.png */ = {isa = PBXFileReference; lastKnownFileType = image.png; path = "Business-Situations_05_02.png"; sourceTree = "<group>"; };
		C6AB468A19AF0E6900F710B1 /* Business-Situations_05_03.png */ = {isa = PBXFileReference; lastKnownFileType = image.png; path = "Business-Situations_05_03.png"; sourceTree = "<group>"; };
		C6AB468B19AF0E6900F710B1 /* Business-Situations_05_04.png */ = {isa = PBXFileReference; lastKnownFileType = image.png; path = "Business-Situations_05_04.png"; sourceTree = "<group>"; };
		C6AB468C19AF0E6900F710B1 /* Business-Situations_05_05.png */ = {isa = PBXFileReference; lastKnownFileType = image.png; path = "Business-Situations_05_05.png"; sourceTree = "<group>"; };
		C6AB468D19AF0E6900F710B1 /* Business-Situations_05_06.png */ = {isa = PBXFileReference; lastKnownFileType = image.png; path = "Business-Situations_05_06.png"; sourceTree = "<group>"; };
		C6AB468E19AF0E6900F710B1 /* Business-Situations_05_07.png */ = {isa = PBXFileReference; lastKnownFileType = image.png; path = "Business-Situations_05_07.png"; sourceTree = "<group>"; };
		C6AB468F19AF0E6900F710B1 /* Business-Situations_05_08.png */ = {isa = PBXFileReference; lastKnownFileType = image.png; path = "Business-Situations_05_08.png"; sourceTree = "<group>"; };
		C6AB469019AF0E6900F710B1 /* Business-Situations_05_09.png */ = {isa = PBXFileReference; lastKnownFileType = image.png; path = "Business-Situations_05_09.png"; sourceTree = "<group>"; };
		C6AB469119AF0E6900F710B1 /* Business-Situations_05_10.png */ = {isa = PBXFileReference; lastKnownFileType = image.png; path = "Business-Situations_05_10.png"; sourceTree = "<group>"; };
		C6AB469219AF0E6900F710B1 /* Business-Situations_05_11.png */ = {isa = PBXFileReference; lastKnownFileType = image.png; path = "Business-Situations_05_11.png"; sourceTree = "<group>"; };
		C6AB469319AF0E6900F710B1 /* Business-Situations_05_12.png */ = {isa = PBXFileReference; lastKnownFileType = image.png; path = "Business-Situations_05_12.png"; sourceTree = "<group>"; };
		C6AB469419AF0E6900F710B1 /* Business-Situations_05_13.png */ = {isa = PBXFileReference; lastKnownFileType = image.png; path = "Business-Situations_05_13.png"; sourceTree = "<group>"; };
		C6AB469519AF0E6900F710B1 /* Business-Situations_05_14.png */ = {isa = PBXFileReference; lastKnownFileType = image.png; path = "Business-Situations_05_14.png"; sourceTree = "<group>"; };
		C6C41ADE19AF3D95002F8876 /* tattoo.png */ = {isa = PBXFileReference; lastKnownFileType = image.png; path = tattoo.png; sourceTree = "<group>"; };
		C6C41AE019AF5748002F8876 /* QuartzCore.framework */ = {isa = PBXFileReference; lastKnownFileType = wrapper.framework; name = QuartzCore.framework; path = System/Library/Frameworks/QuartzCore.framework; sourceTree = SDKROOT; };
		C6DB41531A1D13D300179803 /* CAAnimation+PKIdentifier.h */ = {isa = PBXFileReference; fileEncoding = 4; lastKnownFileType = sourcecode.c.h; path = "CAAnimation+PKIdentifier.h"; sourceTree = "<group>"; };
		C6DB41541A1D13D300179803 /* CAAnimation+PKIdentifier.m */ = {isa = PBXFileReference; fileEncoding = 4; lastKnownFileType = sourcecode.c.objc; path = "CAAnimation+PKIdentifier.m"; sourceTree = "<group>"; };
		C6DB41551A1D13D300179803 /* CALayer+PKConvenienceAnimations.h */ = {isa = PBXFileReference; fileEncoding = 4; lastKnownFileType = sourcecode.c.h; path = "CALayer+PKConvenienceAnimations.h"; sourceTree = "<group>"; };
		C6DB41561A1D13D300179803 /* CALayer+PKConvenienceAnimations.m */ = {isa = PBXFileReference; fileEncoding = 4; lastKnownFileType = sourcecode.c.objc; path = "CALayer+PKConvenienceAnimations.m"; sourceTree = "<group>"; };
		C6DB41571A1D13D300179803 /* NSObject+PKBlocks.h */ = {isa = PBXFileReference; fileEncoding = 4; lastKnownFileType = sourcecode.c.h; path = "NSObject+PKBlocks.h"; sourceTree = "<group>"; };
		C6DB41581A1D13D300179803 /* NSObject+PKBlocks.m */ = {isa = PBXFileReference; fileEncoding = 4; lastKnownFileType = sourcecode.c.objc; path = "NSObject+PKBlocks.m"; sourceTree = "<group>"; };
		C6DB41591A1D13D300179803 /* UIViewController+PKRevealController.h */ = {isa = PBXFileReference; fileEncoding = 4; lastKnownFileType = sourcecode.c.h; name = "UIViewController+PKRevealController.h"; path = "PKRevealController/Categories/UIViewController+PKRevealController.h"; sourceTree = "<group>"; };
		C6DB415A1A1D13D300179803 /* UIViewController+PKRevealController.m */ = {isa = PBXFileReference; fileEncoding = 4; lastKnownFileType = sourcecode.c.objc; path = "UIViewController+PKRevealController.m"; sourceTree = "<group>"; };
		C6DB415C1A1D13D300179803 /* PKRevealControllerView.h */ = {isa = PBXFileReference; fileEncoding = 4; lastKnownFileType = sourcecode.c.h; path = PKRevealControllerView.h; sourceTree = "<group>"; };
		C6DB415D1A1D13D300179803 /* PKRevealControllerView.m */ = {isa = PBXFileReference; fileEncoding = 4; lastKnownFileType = sourcecode.c.objc; path = PKRevealControllerView.m; sourceTree = "<group>"; };
		C6DB41601A1D13D300179803 /* PKAnimating.h */ = {isa = PBXFileReference; fileEncoding = 4; lastKnownFileType = sourcecode.c.h; path = PKAnimating.h; sourceTree = "<group>"; };
		C6DB41611A1D13D300179803 /* PKAnimation.h */ = {isa = PBXFileReference; fileEncoding = 4; lastKnownFileType = sourcecode.c.h; path = PKAnimation.h; sourceTree = "<group>"; };
		C6DB41621A1D13D300179803 /* PKAnimation.m */ = {isa = PBXFileReference; fileEncoding = 4; lastKnownFileType = sourcecode.c.objc; path = PKAnimation.m; sourceTree = "<group>"; };
		C6DB41631A1D13D300179803 /* PKLayerAnimator.h */ = {isa = PBXFileReference; fileEncoding = 4; lastKnownFileType = sourcecode.c.h; path = PKLayerAnimator.h; sourceTree = "<group>"; };
		C6DB41641A1D13D300179803 /* PKLayerAnimator.m */ = {isa = PBXFileReference; fileEncoding = 4; lastKnownFileType = sourcecode.c.objc; path = PKLayerAnimator.m; sourceTree = "<group>"; };
		C6DB41651A1D13D300179803 /* PKSequentialAnimation.h */ = {isa = PBXFileReference; fileEncoding = 4; lastKnownFileType = sourcecode.c.h; path = PKSequentialAnimation.h; sourceTree = "<group>"; };
		C6DB41661A1D13D300179803 /* PKSequentialAnimation.m */ = {isa = PBXFileReference; fileEncoding = 4; lastKnownFileType = sourcecode.c.objc; path = PKSequentialAnimation.m; sourceTree = "<group>"; };
		C6DB41681A1D13D300179803 /* PKLog.h */ = {isa = PBXFileReference; fileEncoding = 4; lastKnownFileType = sourcecode.c.h; path = PKLog.h; sourceTree = "<group>"; };
		C6DB41691A1D13D300179803 /* PKLog.m */ = {isa = PBXFileReference; fileEncoding = 4; lastKnownFileType = sourcecode.c.objc; path = PKLog.m; sourceTree = "<group>"; };
		C6DB416B1A1D13D300179803 /* PKRevealController-Prefix.pch */ = {isa = PBXFileReference; fileEncoding = 4; lastKnownFileType = sourcecode.c.h; path = "PKRevealController-Prefix.pch"; sourceTree = "<group>"; };
		C6DB416C1A1D13D300179803 /* PKRevealController.h */ = {isa = PBXFileReference; fileEncoding = 4; lastKnownFileType = sourcecode.c.h; name = PKRevealController.h; path = PKRevealController/PKRevealController.h; sourceTree = "<group>"; };
		C6DB416D1A1D13D300179803 /* PKRevealController.m */ = {isa = PBXFileReference; fileEncoding = 4; lastKnownFileType = sourcecode.c.objc; path = PKRevealController.m; sourceTree = "<group>"; };
		C6DB416E1A1D13D300179803 /* PKRevealController.xcodeproj */ = {isa = PBXFileReference; lastKnownFileType = "wrapper.pb-project"; name = PKRevealController.xcodeproj; path = iNeedClass/Resources/Libraries/PKRevealController.xcodeproj; sourceTree = "<group>"; };
		C6DB41841A1D189C00179803 /* courses-50White.png */ = {isa = PBXFileReference; lastKnownFileType = image.png; path = "courses-50White.png"; sourceTree = "<group>"; };
		C6DB41851A1D189C00179803 /* data_in_both_directions-50White.png */ = {isa = PBXFileReference; lastKnownFileType = image.png; path = "data_in_both_directions-50White.png"; sourceTree = "<group>"; };
		C6DB41861A1D189C00179803 /* edit-50White.png */ = {isa = PBXFileReference; lastKnownFileType = image.png; path = "edit-50White.png"; sourceTree = "<group>"; };
		C6DB41871A1D189C00179803 /* enter-50White.png */ = {isa = PBXFileReference; lastKnownFileType = image.png; path = "enter-50White.png"; sourceTree = "<group>"; };
		C6DB41881A1D189C00179803 /* home-50White.png */ = {isa = PBXFileReference; lastKnownFileType = image.png; path = "home-50White.png"; sourceTree = "<group>"; };
		C6DB41891A1D189C00179803 /* menuWhite.png */ = {isa = PBXFileReference; lastKnownFileType = image.png; path = menuWhite.png; sourceTree = "<group>"; };
		C6DB418A1A1D189C00179803 /* school-50White.png */ = {isa = PBXFileReference; lastKnownFileType = image.png; path = "school-50White.png"; sourceTree = "<group>"; };
		C6DB418B1A1D189C00179803 /* settingsWhite.png */ = {isa = PBXFileReference; lastKnownFileType = image.png; path = settingsWhite.png; sourceTree = "<group>"; };
		C6DB41941A1D198500179803 /* x24.png */ = {isa = PBXFileReference; lastKnownFileType = image.png; path = x24.png; sourceTree = "<group>"; };
		C6F22E5319B3B711003C79C4 /* drtuto3.png */ = {isa = PBXFileReference; lastKnownFileType = image.png; path = drtuto3.png; sourceTree = "<group>"; };
/* End PBXFileReference section */

/* Begin PBXFrameworksBuildPhase section */
		A060C1B21997CCD700C4C876 /* Frameworks */ = {
			isa = PBXFrameworksBuildPhase;
			buildActionMask = 2147483647;
			files = (
				C6C41AE119AF5748002F8876 /* QuartzCore.framework in Frameworks */,
				A060C1BB1997CCD700C4C876 /* CoreGraphics.framework in Frameworks */,
				A060C1BD1997CCD700C4C876 /* UIKit.framework in Frameworks */,
				A060C1B91997CCD700C4C876 /* Foundation.framework in Frameworks */,
				C695316719B77E9400886DD0 /* FacebookSDK.framework in Frameworks */,
			);
			runOnlyForDeploymentPostprocessing = 0;
		};
		A060C1D61997CCD700C4C876 /* Frameworks */ = {
			isa = PBXFrameworksBuildPhase;
			buildActionMask = 2147483647;
			files = (
				A060C1DB1997CCD700C4C876 /* XCTest.framework in Frameworks */,
				A060C1DD1997CCD700C4C876 /* UIKit.framework in Frameworks */,
				A060C1DC1997CCD700C4C876 /* Foundation.framework in Frameworks */,
			);
			runOnlyForDeploymentPostprocessing = 0;
		};
/* End PBXFrameworksBuildPhase section */

/* Begin PBXGroup section */
		A012F18A199E359200320C3B /* model */ = {
			isa = PBXGroup;
			children = (
				A012F1AC199E35EF00320C3B /* User.h */,
				A012F1AD199E35EF00320C3B /* User.m */,
				A012F1A9199E35EF00320C3B /* Teacher.h */,
				A012F1AA199E35EF00320C3B /* Teacher.m */,
				A012F1A3199E35EF00320C3B /* Login.h */,
				A012F1A4199E35EF00320C3B /* Login.m */,
				A012F1A0199E35EF00320C3B /* Exchange.h */,
				A012F1A1199E35EF00320C3B /* Exchange.m */,
				A012F19D199E35EE00320C3B /* Subject.h */,
				A012F19E199E35EE00320C3B /* Subject.m */,
				A0A2B2C2199F9D63001734AF /* CategoryType.h */,
				A0A2B2C3199F9D63001734AF /* CategoryType.m */,
			);
			path = model;
			sourceTree = "<group>";
		};
		A036D38519ADDE8F00CD9850 /* fonts */ = {
			isa = PBXGroup;
			children = (
				A036D38619ADDE8F00CD9850 /* Montserrat-Bold.ttf */,
				A036D38719ADDE8F00CD9850 /* Montserrat-Regular.ttf */,
			);
			path = fonts;
			sourceTree = "<group>";
		};
		A0433BB219A7B9A5001FD407 /* Tutorial */ = {
			isa = PBXGroup;
			children = (
				A0433BB319A7B9F2001FD407 /* TutorialViewController.h */,
				A0433BB419A7B9F2001FD407 /* TutorialViewController.m */,
				A0433BB519A7B9F2001FD407 /* TutorialViewController.xib */,
			);
			name = Tutorial;
			path = iPhone/Tutorial;
			sourceTree = "<group>";
		};
		A0433BB819A7BF0B001FD407 /* About */ = {
			isa = PBXGroup;
			children = (
				A0433BB919A7BF25001FD407 /* AboutViewController.h */,
				A0433BBA19A7BF25001FD407 /* AboutViewController.m */,
				A0433BBB19A7BF25001FD407 /* AboutViewController.xib */,
			);
			name = About;
			path = iPhone/About;
			sourceTree = "<group>";
		};
		A060C1AC1997CCD600C4C876 = {
			isa = PBXGroup;
			children = (
				A060C1BE1997CCD700C4C876 /* iNeedClass */,
				A060C1E01997CCD700C4C876 /* iNeedClassTests */,
				A060C1B71997CCD700C4C876 /* Frameworks */,
				A060C1B61997CCD700C4C876 /* Products */,
			);
			sourceTree = "<group>";
		};
		A060C1B61997CCD700C4C876 /* Products */ = {
			isa = PBXGroup;
			children = (
				A060C1B51997CCD700C4C876 /* iNeedClass.app */,
				A060C1D91997CCD700C4C876 /* iNeedClassTests.xctest */,
			);
			name = Products;
			sourceTree = "<group>";
		};
		A060C1B71997CCD700C4C876 /* Frameworks */ = {
			isa = PBXGroup;
			children = (
				C6DB41511A1D13D300179803 /* PKRevealController */,
				C6DB416E1A1D13D300179803 /* PKRevealController.xcodeproj */,
				C6C41AE019AF5748002F8876 /* QuartzCore.framework */,
				A060C1B81997CCD700C4C876 /* Foundation.framework */,
				A060C1BA1997CCD700C4C876 /* CoreGraphics.framework */,
				A060C1BC1997CCD700C4C876 /* UIKit.framework */,
				A060C1DA1997CCD700C4C876 /* XCTest.framework */,
			);
			name = Frameworks;
			sourceTree = "<group>";
		};
		A060C1BE1997CCD700C4C876 /* iNeedClass */ = {
			isa = PBXGroup;
			children = (
				A060C2171997DAB400C4C876 /* CoreData */,
				A060C1F01997CE3300C4C876 /* Delegate */,
				A060C1F31997CE3300C4C876 /* Resources */,
				A060C1F71997CE3300C4C876 /* Classes */,
				A060C1D31997CCD700C4C876 /* Images.xcassets */,
				A060C1BF1997CCD700C4C876 /* Supporting Files */,
			);
			path = iNeedClass;
			sourceTree = "<group>";
		};
		A060C1BF1997CCD700C4C876 /* Supporting Files */ = {
			isa = PBXGroup;
			children = (
				A060C1C01997CCD700C4C876 /* iNeedClass-Info.plist */,
				A060C1C11997CCD700C4C876 /* InfoPlist.strings */,
				A060C1C41997CCD700C4C876 /* main.m */,
				A060C1C61997CCD700C4C876 /* iNeedClass-Prefix.pch */,
			);
			name = "Supporting Files";
			sourceTree = "<group>";
		};
		A060C1E01997CCD700C4C876 /* iNeedClassTests */ = {
			isa = PBXGroup;
			children = (
				A060C1E61997CCD700C4C876 /* iNeedClassTests.m */,
				A060C1E11997CCD700C4C876 /* Supporting Files */,
			);
			path = iNeedClassTests;
			sourceTree = "<group>";
		};
		A060C1E11997CCD700C4C876 /* Supporting Files */ = {
			isa = PBXGroup;
			children = (
				A060C1E21997CCD700C4C876 /* iNeedClassTests-Info.plist */,
				A060C1E31997CCD700C4C876 /* InfoPlist.strings */,
			);
			name = "Supporting Files";
			sourceTree = "<group>";
		};
		A060C1F01997CE3300C4C876 /* Delegate */ = {
			isa = PBXGroup;
			children = (
				A060C1F11997CE3300C4C876 /* AppDelegate.h */,
				A060C1F21997CE3300C4C876 /* AppDelegate.m */,
			);
			path = Delegate;
			sourceTree = "<group>";
		};
		A060C1F31997CE3300C4C876 /* Resources */ = {
			isa = PBXGroup;
			children = (
				A036D38519ADDE8F00CD9850 /* fonts */,
				A0A2B2C5199FA85B001734AF /* Libraries */,
				A060C1FF1997D0FA00C4C876 /* Utils */,
				A060C1F41997CE3300C4C876 /* Backgrounds */,
				A060C1F51997CE3300C4C876 /* Icons */,
				A060C1F61997CE3300C4C876 /* Images */,
			);
			path = Resources;
			sourceTree = "<group>";
		};
		A060C1F41997CE3300C4C876 /* Backgrounds */ = {
			isa = PBXGroup;
			children = (
			);
			path = Backgrounds;
			sourceTree = "<group>";
		};
		A060C1F51997CE3300C4C876 /* Icons */ = {
			isa = PBXGroup;
			children = (
				C6DB41941A1D198500179803 /* x24.png */,
				C6DB41841A1D189C00179803 /* courses-50White.png */,
				C6DB41851A1D189C00179803 /* data_in_both_directions-50White.png */,
				C6DB41861A1D189C00179803 /* edit-50White.png */,
				C6DB41871A1D189C00179803 /* enter-50White.png */,
				C6DB41881A1D189C00179803 /* home-50White.png */,
				C6DB41891A1D189C00179803 /* menuWhite.png */,
				C6DB418A1A1D189C00179803 /* school-50White.png */,
				C6DB418B1A1D189C00179803 /* settingsWhite.png */,
				A0A8429719AA2F61002968A2 /* enter-50.png */,
				A0A8428D19AA016E002968A2 /* edit-50.png */,
				A0A8428E19AA016E002968A2 /* data_in_both_directions-50.png */,
				A0A8428F19AA016E002968A2 /* courses-50.png */,
				A0A8429019AA016E002968A2 /* school-50.png */,
				A0A8429119AA016E002968A2 /* home-50.png */,
				A0A717D619A8E5D2000C6527 /* x.png */,
				A0AABF0C19A11A73008E3F99 /* iconoLogo */,
				A0AABF0019A10D7B008E3F99 /* settings.png */,
				A0AABEFE19A10C44008E3F99 /* menu.png */,
			);
			path = Icons;
			sourceTree = "<group>";
		};
		A060C1F61997CE3300C4C876 /* Images */ = {
			isa = PBXGroup;
			children = (
				C6A24A4819BA2CCD00175981 /* bocadillo-white.png */,
				C6467D8319B2467C0041CAE8 /* tutorial */,
				C6C41ADE19AF3D95002F8876 /* tattoo.png */,
				A0A717CB19A8ACB3000C6527 /* perfilMustache.png */,
				C6AB468719AF0E6900F710B1 /* drdown */,
				A045777819A3B7EA00143159 /* arrow.png */,
				A0A27B8F19A11D6B00E376D5 /* defaults */,
				A0AABF0A19A11618008E3F99 /* borde100.png */,
				A0AABF0619A11229008E3F99 /* clases100.png */,
				A0AABF0719A11229008E3F99 /* intercambio100.png */,
				A0AABF0419A110BC008E3F99 /* inclogo100.png */,
				A0AABF0219A10E4C008E3F99 /* Doctor100.png */,
			);
			path = Images;
			sourceTree = "<group>";
		};
		A060C1F71997CE3300C4C876 /* Classes */ = {
			isa = PBXGroup;
			children = (
				A060C20F1997D97200C4C876 /* iPhone */,
				A060C20E1997D96400C4C876 /* iPad */,
			);
			path = Classes;
			sourceTree = "<group>";
		};
		A060C1FE1997CEE700C4C876 /* Home */ = {
			isa = PBXGroup;
			children = (
				A060C2111997DA2100C4C876 /* HomeViewController.h */,
				A060C2121997DA2100C4C876 /* HomeViewController.m */,
				A060C2131997DA2100C4C876 /* HomeViewController.xib */,
			);
			name = Home;
			sourceTree = "<group>";
		};
		A060C1FF1997D0FA00C4C876 /* Utils */ = {
			isa = PBXGroup;
			children = (
				A060C2001997D0FA00C4C876 /* ConfigHelper.h */,
				A060C2011997D0FA00C4C876 /* ConfigHelper.m */,
				A060C2021997D0FA00C4C876 /* Defines.h */,
				A060C2051997D0FA00C4C876 /* UIColor+RGB.h */,
				A060C2061997D0FA00C4C876 /* UIColor+RGB.m */,
				A060C2071997D0FA00C4C876 /* Utils.h */,
				A060C2081997D0FA00C4C876 /* Utils.m */,
			);
			path = Utils;
			sourceTree = "<group>";
		};
		A060C20D1997D95300C4C876 /* Home */ = {
			isa = PBXGroup;
			children = (
			);
			name = Home;
			sourceTree = "<group>";
		};
		A060C20E1997D96400C4C876 /* iPad */ = {
			isa = PBXGroup;
			children = (
				A060C20D1997D95300C4C876 /* Home */,
			);
			name = iPad;
			sourceTree = "<group>";
		};
		A060C20F1997D97200C4C876 /* iPhone */ = {
			isa = PBXGroup;
			children = (
				C62BFCEC1A1E091100D84ED5 /* Perfil */,
				C62BFCED1A1E091100D84ED5 /* Pruebas */,
				C642AA3B19B4C150007EFA13 /* Login */,
				A0A717CD19A8AD35000C6527 /* BackEnd */,
				A0A717CE19A8AD35000C6527 /* Exchanges */,
				A0A717CF19A8AD35000C6527 /* Classes */,
				A0A717D019A8AD35000C6527 /* Cells */,
				A0A717C319A8A60E000C6527 /* Intro */,
				A0433BB819A7BF0B001FD407 /* About */,
				A0433BB219A7B9A5001FD407 /* Tutorial */,
				A0A2B2E0199FA8D7001734AF /* Menu */,
				A060C1FE1997CEE700C4C876 /* Home */,
			);
			name = iPhone;
			sourceTree = "<group>";
		};
		A060C2171997DAB400C4C876 /* CoreData */ = {
			isa = PBXGroup;
			children = (
				A012F18A199E359200320C3B /* model */,
				A060C2181997DAE500C4C876 /* iNeedClass.xcdatamodeld */,
			);
			path = CoreData;
			sourceTree = "<group>";
		};
		A0A27B8F19A11D6B00E376D5 /* defaults */ = {
			isa = PBXGroup;
			children = (
				A0A302A119A2755600947E72 /* 960iPhone2.png */,
				A0A302A219A2755600947E72 /* 1136iPhone2.png */,
				A0A27B9019A11D6B00E376D5 /* 1136iPhone.png */,
				A0A27B9119A11D6B00E376D5 /* 960iPhone.png */,
			);
			path = defaults;
			sourceTree = "<group>";
		};
		A0A2B2C5199FA85B001734AF /* Libraries */ = {
			isa = PBXGroup;
			children = (
				C62BFCF81A1E0B7E00D84ED5 /* PKReveal */,
				C62BFCF41A1E0B6A00D84ED5 /* BFTabBar */,
				C695316619B77E9400886DD0 /* FacebookSDK.framework */,
				A0A423CC19A2506200F3D1E0 /* CBZSplashView */,
			);
			path = Libraries;
			sourceTree = "<group>";
		};
		A0A2B2E0199FA8D7001734AF /* Menu */ = {
			isa = PBXGroup;
			children = (
				A0A2B2E2199FA915001734AF /* MenuViewController.h */,
				A0A2B2E3199FA915001734AF /* MenuViewController.m */,
				A0A2B2E4199FA915001734AF /* MenuViewController.xib */,
			);
			name = Menu;
			sourceTree = "<group>";
		};
		A0A423CC19A2506200F3D1E0 /* CBZSplashView */ = {
			isa = PBXGroup;
			children = (
				A0A423CD19A2506200F3D1E0 /* CBZSplashView.h */,
				A0A423CE19A2506200F3D1E0 /* CBZSplashView.m */,
			);
			path = CBZSplashView;
			sourceTree = "<group>";
		};
		A0A717C319A8A60E000C6527 /* Intro */ = {
			isa = PBXGroup;
			children = (
				A0A717C419A8A61D000C6527 /* IntroViewController.h */,
				A0A717C519A8A61D000C6527 /* IntroViewController.m */,
				A0A717C619A8A61D000C6527 /* IntroViewController.xib */,
			);
			name = Intro;
			path = iPhone/Intro;
			sourceTree = "<group>";
		};
		A0A717CD19A8AD35000C6527 /* BackEnd */ = {
			isa = PBXGroup;
			children = (
			);
			name = BackEnd;
			path = iPhone/BackEnd;
			sourceTree = "<group>";
		};
		A0A717CE19A8AD35000C6527 /* Exchanges */ = {
			isa = PBXGroup;
			children = (
			);
			name = Exchanges;
			path = iPhone/Exchanges;
			sourceTree = "<group>";
		};
		A0A717CF19A8AD35000C6527 /* Classes */ = {
			isa = PBXGroup;
			children = (
			);
			name = Classes;
			path = iPhone/Classes;
			sourceTree = "<group>";
		};
		A0A717D019A8AD35000C6527 /* Cells */ = {
			isa = PBXGroup;
			children = (
				A0A717D119A8B581000C6527 /* MenuItemCell.h */,
				A0A717D219A8B581000C6527 /* MenuItemCell.m */,
				A0A717D319A8B581000C6527 /* MenuItemCell.xib */,
			);
			name = Cells;
			path = iPhone/Cells;
			sourceTree = "<group>";
		};
		A0AABF0C19A11A73008E3F99 /* iconoLogo */ = {
			isa = PBXGroup;
			children = (
				A0AABF0D19A11A73008E3F99 /* Icon-120.png */,
				A0AABF0E19A11A73008E3F99 /* Icon-72.png */,
				A0AABF0F19A11A73008E3F99 /* Icon-72@2x.png */,
				A0AABF1019A11A73008E3F99 /* Icon-76.png */,
				A0AABF1119A11A73008E3F99 /* Icon-76@2x.png */,
				A0AABF1219A11A73008E3F99 /* Icon-iPad-Spotlight-iOS7@2x.png */,
				A0AABF1319A11A73008E3F99 /* Icon-Small-50.png */,
				A0AABF1419A11A73008E3F99 /* Icon-Small.png */,
				A0AABF1519A11A73008E3F99 /* Icon-Small@2x.png */,
				A0AABF1619A11A73008E3F99 /* Icon-Spotlight-iOS7.png */,
				A0AABF1719A11A73008E3F99 /* Icon-Spotlight-iOS7@2x.png */,
				A0AABF1819A11A73008E3F99 /* Icon.png */,
				A0AABF1919A11A73008E3F99 /* Icon@2x.png */,
			);
			path = iconoLogo;
			sourceTree = "<group>";
		};
		C62BFCEC1A1E091100D84ED5 /* Perfil */ = {
			isa = PBXGroup;
			children = (
			);
			name = Perfil;
			path = iPhone/Perfil;
			sourceTree = "<group>";
		};
		C62BFCED1A1E091100D84ED5 /* Pruebas */ = {
			isa = PBXGroup;
			children = (
				C62BFCEF1A1E092E00D84ED5 /* Home2ViewController.h */,
				C62BFCF01A1E092E00D84ED5 /* Home2ViewController.m */,
				C62BFCF11A1E092E00D84ED5 /* Home2ViewController.xib */,
			);
			name = Pruebas;
			path = iPhone/Pruebas;
			sourceTree = "<group>";
		};
		C62BFCF41A1E0B6A00D84ED5 /* BFTabBar */ = {
			isa = PBXGroup;
			children = (
				C62BFCF51A1E0B6A00D84ED5 /* BFPaperTabBar.h */,
				C62BFCF61A1E0B6A00D84ED5 /* BFPaperTabBar.m */,
			);
			path = BFTabBar;
			sourceTree = "<group>";
		};
		C62BFCF81A1E0B7E00D84ED5 /* PKReveal */ = {
			isa = PBXGroup;
			children = (
				C6DB416C1A1D13D300179803 /* PKRevealController.h */,
				C6DB41591A1D13D300179803 /* UIViewController+PKRevealController.h */,
			);
			name = PKReveal;
			sourceTree = "<group>";
		};
		C642AA3B19B4C150007EFA13 /* Login */ = {
			isa = PBXGroup;
			children = (
				C642AA3C19B4C3C6007EFA13 /* LoginViewController.h */,
				C642AA3D19B4C3C6007EFA13 /* LoginViewController.m */,
				C642AA3E19B4C3C6007EFA13 /* LoginViewController.xib */,
			);
			name = Login;
			path = iPhone/Login;
			sourceTree = "<group>";
		};
		C6467D8319B2467C0041CAE8 /* tutorial */ = {
			isa = PBXGroup;
			children = (
				C6F22E5319B3B711003C79C4 /* drtuto3.png */,
				C6467D8419B2467C0041CAE8 /* drtuto1.png */,
				C6467D8519B2467C0041CAE8 /* drtuto2.png */,
				C6467D8719B2467C0041CAE8 /* drtuto4.png */,
			);
			path = tutorial;
			sourceTree = "<group>";
		};
		C6AB468719AF0E6900F710B1 /* drdown */ = {
			isa = PBXGroup;
			children = (
				C6AB468819AF0E6900F710B1 /* Business-Situations_05_01.png */,
				C6AB468919AF0E6900F710B1 /* Business-Situations_05_02.png */,
				C6AB468A19AF0E6900F710B1 /* Business-Situations_05_03.png */,
				C6AB468B19AF0E6900F710B1 /* Business-Situations_05_04.png */,
				C6AB468C19AF0E6900F710B1 /* Business-Situations_05_05.png */,
				C6AB468D19AF0E6900F710B1 /* Business-Situations_05_06.png */,
				C6AB468E19AF0E6900F710B1 /* Business-Situations_05_07.png */,
				C6AB468F19AF0E6900F710B1 /* Business-Situations_05_08.png */,
				C6AB469019AF0E6900F710B1 /* Business-Situations_05_09.png */,
				C6AB469119AF0E6900F710B1 /* Business-Situations_05_10.png */,
				C6AB469219AF0E6900F710B1 /* Business-Situations_05_11.png */,
				C6AB469319AF0E6900F710B1 /* Business-Situations_05_12.png */,
				C6AB469419AF0E6900F710B1 /* Business-Situations_05_13.png */,
				C6AB469519AF0E6900F710B1 /* Business-Situations_05_14.png */,
			);
			path = drdown;
			sourceTree = "<group>";
		};
		C6DB41511A1D13D300179803 /* PKRevealController */ = {
			isa = PBXGroup;
			children = (
				C6DB41521A1D13D300179803 /* Categories */,
				C6DB415B1A1D13D300179803 /* Classes */,
				C6DB415E1A1D13D300179803 /* Modules */,
				C6DB416A1A1D13D300179803 /* Other Sources */,
				C6DB416D1A1D13D300179803 /* PKRevealController.m */,
			);
			name = PKRevealController;
			path = iNeedClass/Resources/Libraries/PKRevealController;
			sourceTree = "<group>";
		};
		C6DB41521A1D13D300179803 /* Categories */ = {
			isa = PBXGroup;
			children = (
				C6DB41531A1D13D300179803 /* CAAnimation+PKIdentifier.h */,
				C6DB41541A1D13D300179803 /* CAAnimation+PKIdentifier.m */,
				C6DB41551A1D13D300179803 /* CALayer+PKConvenienceAnimations.h */,
				C6DB41561A1D13D300179803 /* CALayer+PKConvenienceAnimations.m */,
				C6DB41571A1D13D300179803 /* NSObject+PKBlocks.h */,
				C6DB41581A1D13D300179803 /* NSObject+PKBlocks.m */,
				C6DB415A1A1D13D300179803 /* UIViewController+PKRevealController.m */,
			);
			path = Categories;
			sourceTree = "<group>";
		};
		C6DB415B1A1D13D300179803 /* Classes */ = {
			isa = PBXGroup;
			children = (
				C6DB415C1A1D13D300179803 /* PKRevealControllerView.h */,
				C6DB415D1A1D13D300179803 /* PKRevealControllerView.m */,
			);
			path = Classes;
			sourceTree = "<group>";
		};
		C6DB415E1A1D13D300179803 /* Modules */ = {
			isa = PBXGroup;
			children = (
				C6DB415F1A1D13D300179803 /* PKLayerAnimator */,
				C6DB41671A1D13D300179803 /* PKLog */,
			);
			path = Modules;
			sourceTree = "<group>";
		};
		C6DB415F1A1D13D300179803 /* PKLayerAnimator */ = {
			isa = PBXGroup;
			children = (
				C6DB41601A1D13D300179803 /* PKAnimating.h */,
				C6DB41611A1D13D300179803 /* PKAnimation.h */,
				C6DB41621A1D13D300179803 /* PKAnimation.m */,
				C6DB41631A1D13D300179803 /* PKLayerAnimator.h */,
				C6DB41641A1D13D300179803 /* PKLayerAnimator.m */,
				C6DB41651A1D13D300179803 /* PKSequentialAnimation.h */,
				C6DB41661A1D13D300179803 /* PKSequentialAnimation.m */,
			);
			path = PKLayerAnimator;
			sourceTree = "<group>";
		};
		C6DB41671A1D13D300179803 /* PKLog */ = {
			isa = PBXGroup;
			children = (
				C6DB41681A1D13D300179803 /* PKLog.h */,
				C6DB41691A1D13D300179803 /* PKLog.m */,
			);
			path = PKLog;
			sourceTree = "<group>";
		};
		C6DB416A1A1D13D300179803 /* Other Sources */ = {
			isa = PBXGroup;
			children = (
				C6DB416B1A1D13D300179803 /* PKRevealController-Prefix.pch */,
			);
			path = "Other Sources";
			sourceTree = "<group>";
		};
		C6DB417F1A1D15FD00179803 /* Products */ = {
			isa = PBXGroup;
			children = (
				C6DB41831A1D15FD00179803 /* libPKRevealController.a */,
			);
			name = Products;
			sourceTree = "<group>";
		};
/* End PBXGroup section */

/* Begin PBXNativeTarget section */
		A060C1B41997CCD700C4C876 /* iNeedClass */ = {
			isa = PBXNativeTarget;
			buildConfigurationList = A060C1EA1997CCD700C4C876 /* Build configuration list for PBXNativeTarget "iNeedClass" */;
			buildPhases = (
				A060C1B11997CCD700C4C876 /* Sources */,
				A060C1B21997CCD700C4C876 /* Frameworks */,
				A060C1B31997CCD700C4C876 /* Resources */,
			);
			buildRules = (
			);
			dependencies = (
			);
			name = iNeedClass;
			productName = iNeedClass;
			productReference = A060C1B51997CCD700C4C876 /* iNeedClass.app */;
			productType = "com.apple.product-type.application";
		};
		A060C1D81997CCD700C4C876 /* iNeedClassTests */ = {
			isa = PBXNativeTarget;
			buildConfigurationList = A060C1ED1997CCD700C4C876 /* Build configuration list for PBXNativeTarget "iNeedClassTests" */;
			buildPhases = (
				A060C1D51997CCD700C4C876 /* Sources */,
				A060C1D61997CCD700C4C876 /* Frameworks */,
				A060C1D71997CCD700C4C876 /* Resources */,
			);
			buildRules = (
			);
			dependencies = (
				A060C1DF1997CCD700C4C876 /* PBXTargetDependency */,
			);
			name = iNeedClassTests;
			productName = iNeedClassTests;
			productReference = A060C1D91997CCD700C4C876 /* iNeedClassTests.xctest */;
			productType = "com.apple.product-type.bundle.unit-test";
		};
/* End PBXNativeTarget section */

/* Begin PBXProject section */
		A060C1AD1997CCD600C4C876 /* Project object */ = {
			isa = PBXProject;
			attributes = {
				LastUpgradeCheck = 0610;
				ORGANIZATIONNAME = "Jesus Victorio";
				TargetAttributes = {
					A060C1B41997CCD700C4C876 = {
						DevelopmentTeam = E9FTMRYK3J;
					};
					A060C1D81997CCD700C4C876 = {
						TestTargetID = A060C1B41997CCD700C4C876;
					};
				};
			};
			buildConfigurationList = A060C1B01997CCD600C4C876 /* Build configuration list for PBXProject "iNeedClass" */;
			compatibilityVersion = "Xcode 3.2";
			developmentRegion = English;
			hasScannedForEncodings = 0;
			knownRegions = (
				en,
				Base,
				es,
			);
			mainGroup = A060C1AC1997CCD600C4C876;
			productRefGroup = A060C1B61997CCD700C4C876 /* Products */;
			projectDirPath = "";
			projectReferences = (
				{
					ProductGroup = C6DB417F1A1D15FD00179803 /* Products */;
					ProjectRef = C6DB416E1A1D13D300179803 /* PKRevealController.xcodeproj */;
				},
			);
			projectRoot = "";
			targets = (
				A060C1B41997CCD700C4C876 /* iNeedClass */,
				A060C1D81997CCD700C4C876 /* iNeedClassTests */,
			);
		};
/* End PBXProject section */

/* Begin PBXReferenceProxy section */
		C6DB41831A1D15FD00179803 /* libPKRevealController.a */ = {
			isa = PBXReferenceProxy;
			fileType = archive.ar;
			path = libPKRevealController.a;
			remoteRef = C6DB41821A1D15FD00179803 /* PBXContainerItemProxy */;
			sourceTree = BUILT_PRODUCTS_DIR;
		};
/* End PBXReferenceProxy section */

/* Begin PBXResourcesBuildPhase section */
		A060C1B31997CCD700C4C876 /* Resources */ = {
			isa = PBXResourcesBuildPhase;
			buildActionMask = 2147483647;
			files = (
				A0AABF1A19A11A73008E3F99 /* Icon-120.png in Resources */,
				C6AB469B19AF0E6900F710B1 /* Business-Situations_05_06.png in Resources */,
				A045777919A3B7EA00143159 /* arrow.png in Resources */,
				A0AABF2619A11A73008E3F99 /* Icon@2x.png in Resources */,
				C6DB41911A1D189C00179803 /* menuWhite.png in Resources */,
				C6AB469919AF0E6900F710B1 /* Business-Situations_05_04.png in Resources */,
				C6DB41931A1D189C00179803 /* settingsWhite.png in Resources */,
				A0AABF0119A10D7B008E3F99 /* settings.png in Resources */,
				A0AABF2519A11A73008E3F99 /* Icon.png in Resources */,
				C6DB41921A1D189C00179803 /* school-50White.png in Resources */,
				A0AABF2419A11A73008E3F99 /* Icon-Spotlight-iOS7@2x.png in Resources */,
				A0AABEFF19A10C44008E3F99 /* menu.png in Resources */,
				A0A8429219AA016E002968A2 /* edit-50.png in Resources */,
				A0A717D519A8B581000C6527 /* MenuItemCell.xib in Resources */,
				A0A2B2E6199FA915001734AF /* MenuViewController.xib in Resources */,
				C6DB418E1A1D189C00179803 /* edit-50White.png in Resources */,
				C6DB418C1A1D189C00179803 /* courses-50White.png in Resources */,
				A036D38819ADDE8F00CD9850 /* Montserrat-Bold.ttf in Resources */,
				A060C1D41997CCD700C4C876 /* Images.xcassets in Resources */,
				A0A302A419A2755600947E72 /* 1136iPhone2.png in Resources */,
				C6AB469C19AF0E6900F710B1 /* Business-Situations_05_07.png in Resources */,
				A0A8429419AA016E002968A2 /* courses-50.png in Resources */,
				A0A302A319A2755600947E72 /* 960iPhone2.png in Resources */,
				C6AB46A019AF0E6900F710B1 /* Business-Situations_05_11.png in Resources */,
				C6AB46A219AF0E6900F710B1 /* Business-Situations_05_13.png in Resources */,
				C6AB469619AF0E6900F710B1 /* Business-Situations_05_01.png in Resources */,
				A0AABF0819A11229008E3F99 /* clases100.png in Resources */,
				A0AABF2319A11A73008E3F99 /* Icon-Spotlight-iOS7.png in Resources */,
				C6DB418F1A1D189C00179803 /* enter-50White.png in Resources */,
				C6AB469D19AF0E6900F710B1 /* Business-Situations_05_08.png in Resources */,
				C6AB46A119AF0E6900F710B1 /* Business-Situations_05_12.png in Resources */,
				A0AABF2119A11A73008E3F99 /* Icon-Small.png in Resources */,
				C642AA4019B4C3C6007EFA13 /* LoginViewController.xib in Resources */,
				A060C1C31997CCD700C4C876 /* InfoPlist.strings in Resources */,
				C6AB469819AF0E6900F710B1 /* Business-Situations_05_03.png in Resources */,
				C6DB41901A1D189C00179803 /* home-50White.png in Resources */,
				C6467D8B19B2467C0041CAE8 /* drtuto4.png in Resources */,
				C6AB469E19AF0E6900F710B1 /* Business-Situations_05_09.png in Resources */,
				A0AABF0319A10E4C008E3F99 /* Doctor100.png in Resources */,
				A0AABF1E19A11A73008E3F99 /* Icon-76@2x.png in Resources */,
				A0AABF1C19A11A73008E3F99 /* Icon-72@2x.png in Resources */,
				A0AABF0B19A11618008E3F99 /* borde100.png in Resources */,
				A0A8429519AA016E002968A2 /* school-50.png in Resources */,
				C6F22E5419B3B711003C79C4 /* drtuto3.png in Resources */,
				C6AB46A319AF0E6900F710B1 /* Business-Situations_05_14.png in Resources */,
				A0A717CC19A8ACB3000C6527 /* perfilMustache.png in Resources */,
				C6467D8819B2467C0041CAE8 /* drtuto1.png in Resources */,
				A0433BB719A7B9F2001FD407 /* TutorialViewController.xib in Resources */,
				C6AB469A19AF0E6900F710B1 /* Business-Situations_05_05.png in Resources */,
				A0A8429819AA2F61002968A2 /* enter-50.png in Resources */,
				C6467D8919B2467C0041CAE8 /* drtuto2.png in Resources */,
				A0AABF1F19A11A73008E3F99 /* Icon-iPad-Spotlight-iOS7@2x.png in Resources */,
				A0433BBD19A7BF25001FD407 /* AboutViewController.xib in Resources */,
				C6AB469719AF0E6900F710B1 /* Business-Situations_05_02.png in Resources */,
				C6C41ADF19AF3D95002F8876 /* tattoo.png in Resources */,
				A0A717D719A8E5D2000C6527 /* x.png in Resources */,
				A0AABF1D19A11A73008E3F99 /* Icon-76.png in Resources */,
				C6AB469F19AF0E6900F710B1 /* Business-Situations_05_10.png in Resources */,
				A0AABF1B19A11A73008E3F99 /* Icon-72.png in Resources */,
				A036D38919ADDE8F00CD9850 /* Montserrat-Regular.ttf in Resources */,
				C62BFCF31A1E092E00D84ED5 /* Home2ViewController.xib in Resources */,
				C6DB418D1A1D189C00179803 /* data_in_both_directions-50White.png in Resources */,
				A060C2151997DA2100C4C876 /* HomeViewController.xib in Resources */,
				A0AABF2019A11A73008E3F99 /* Icon-Small-50.png in Resources */,
				A0AABF0519A110BC008E3F99 /* inclogo100.png in Resources */,
				A0A8429319AA016E002968A2 /* data_in_both_directions-50.png in Resources */,
				C6DB41951A1D198500179803 /* x24.png in Resources */,
				A0AABF0919A11229008E3F99 /* intercambio100.png in Resources */,
				A0AABF2219A11A73008E3F99 /* Icon-Small@2x.png in Resources */,
				A0A717C819A8A61D000C6527 /* IntroViewController.xib in Resources */,
				A0A8429619AA016E002968A2 /* home-50.png in Resources */,
				C6A24A4919BA2CCD00175981 /* bocadillo-white.png in Resources */,
				A0A27B9319A11D6B00E376D5 /* 960iPhone.png in Resources */,
				A0A27B9219A11D6B00E376D5 /* 1136iPhone.png in Resources */,
			);
			runOnlyForDeploymentPostprocessing = 0;
		};
		A060C1D71997CCD700C4C876 /* Resources */ = {
			isa = PBXResourcesBuildPhase;
			buildActionMask = 2147483647;
			files = (
				A060C1E51997CCD700C4C876 /* InfoPlist.strings in Resources */,
			);
			runOnlyForDeploymentPostprocessing = 0;
		};
/* End PBXResourcesBuildPhase section */

/* Begin PBXSourcesBuildPhase section */
		A060C1B11997CCD700C4C876 /* Sources */ = {
			isa = PBXSourcesBuildPhase;
			buildActionMask = 2147483647;
			files = (
				A012F1AE199E35EF00320C3B /* User.m in Sources */,
				C6DB41731A1D13D300179803 /* NSObject+PKBlocks.m in Sources */,
				C6DB41791A1D13D300179803 /* PKLog.m in Sources */,
				A012F1AB199E35EF00320C3B /* Teacher.m in Sources */,
				C6DB41771A1D13D300179803 /* PKLayerAnimator.m in Sources */,
				A060C1F81997CE3300C4C876 /* AppDelegate.m in Sources */,
				C6DB41711A1D13D300179803 /* CAAnimation+PKIdentifier.m in Sources */,
				A060C20B1997D0FA00C4C876 /* UIColor+RGB.m in Sources */,
				C642AA3F19B4C3C6007EFA13 /* LoginViewController.m in Sources */,
				C62BFCF21A1E092E00D84ED5 /* Home2ViewController.m in Sources */,
				C6DB417A1A1D13D300179803 /* PKRevealController.m in Sources */,
				A0A717D419A8B581000C6527 /* MenuItemCell.m in Sources */,
				A060C1C51997CCD700C4C876 /* main.m in Sources */,
				A060C2091997D0FA00C4C876 /* ConfigHelper.m in Sources */,
				A0433BB619A7B9F2001FD407 /* TutorialViewController.m in Sources */,
				C6DB41751A1D13D300179803 /* PKRevealControllerView.m in Sources */,
				A012F19F199E35EE00320C3B /* Subject.m in Sources */,
				A0A423CF19A2506200F3D1E0 /* CBZSplashView.m in Sources */,
				A0433BBC19A7BF25001FD407 /* AboutViewController.m in Sources */,
				C6DB41781A1D13D300179803 /* PKSequentialAnimation.m in Sources */,
				A012F1A5199E35EF00320C3B /* Login.m in Sources */,
				A060C20C1997D0FA00C4C876 /* Utils.m in Sources */,
				C62BFCF71A1E0B6A00D84ED5 /* BFPaperTabBar.m in Sources */,
				A012F1A2199E35EF00320C3B /* Exchange.m in Sources */,
				A0A717C719A8A61D000C6527 /* IntroViewController.m in Sources */,
				A060C21A1997DAE500C4C876 /* iNeedClass.xcdatamodeld in Sources */,
				A0A2B2C4199F9D63001734AF /* CategoryType.m in Sources */,
				C6DB41721A1D13D300179803 /* CALayer+PKConvenienceAnimations.m in Sources */,
				A060C2141997DA2100C4C876 /* HomeViewController.m in Sources */,
				C6DB41761A1D13D300179803 /* PKAnimation.m in Sources */,
				C6DB41741A1D13D300179803 /* UIViewController+PKRevealController.m in Sources */,
				A0A2B2E5199FA915001734AF /* MenuViewController.m in Sources */,
			);
			runOnlyForDeploymentPostprocessing = 0;
		};
		A060C1D51997CCD700C4C876 /* Sources */ = {
			isa = PBXSourcesBuildPhase;
			buildActionMask = 2147483647;
			files = (
				A060C1E71997CCD700C4C876 /* iNeedClassTests.m in Sources */,
			);
			runOnlyForDeploymentPostprocessing = 0;
		};
/* End PBXSourcesBuildPhase section */

/* Begin PBXTargetDependency section */
		A060C1DF1997CCD700C4C876 /* PBXTargetDependency */ = {
			isa = PBXTargetDependency;
			target = A060C1B41997CCD700C4C876 /* iNeedClass */;
			targetProxy = A060C1DE1997CCD700C4C876 /* PBXContainerItemProxy */;
		};
/* End PBXTargetDependency section */

/* Begin PBXVariantGroup section */
		A060C1C11997CCD700C4C876 /* InfoPlist.strings */ = {
			isa = PBXVariantGroup;
			children = (
				A060C1C21997CCD700C4C876 /* en */,
				A0A717C919A8AB26000C6527 /* es */,
			);
			name = InfoPlist.strings;
			sourceTree = "<group>";
		};
		A060C1E31997CCD700C4C876 /* InfoPlist.strings */ = {
			isa = PBXVariantGroup;
			children = (
				A060C1E41997CCD700C4C876 /* en */,
				A0A717CA19A8AB26000C6527 /* es */,
			);
			name = InfoPlist.strings;
			sourceTree = "<group>";
		};
/* End PBXVariantGroup section */

/* Begin XCBuildConfiguration section */
		A060C1E81997CCD700C4C876 /* Debug */ = {
			isa = XCBuildConfiguration;
			buildSettings = {
				ALWAYS_SEARCH_USER_PATHS = NO;
				CLANG_CXX_LANGUAGE_STANDARD = "gnu++0x";
				CLANG_CXX_LIBRARY = "libc++";
				CLANG_ENABLE_MODULES = YES;
				CLANG_ENABLE_OBJC_ARC = YES;
				CLANG_WARN_BOOL_CONVERSION = YES;
				CLANG_WARN_CONSTANT_CONVERSION = YES;
				CLANG_WARN_DIRECT_OBJC_ISA_USAGE = YES_ERROR;
				CLANG_WARN_EMPTY_BODY = YES;
				CLANG_WARN_ENUM_CONVERSION = YES;
				CLANG_WARN_INT_CONVERSION = YES;
				CLANG_WARN_OBJC_ROOT_CLASS = YES_ERROR;
				CLANG_WARN__DUPLICATE_METHOD_MATCH = YES;
				"CODE_SIGN_IDENTITY[sdk=iphoneos*]" = "iPhone Developer";
				COPY_PHASE_STRIP = NO;
				GCC_C_LANGUAGE_STANDARD = gnu99;
				GCC_DYNAMIC_NO_PIC = NO;
				GCC_OPTIMIZATION_LEVEL = 0;
				GCC_PREPROCESSOR_DEFINITIONS = (
					"DEBUG=1",
					"$(inherited)",
				);
				GCC_SYMBOLS_PRIVATE_EXTERN = NO;
				GCC_WARN_64_TO_32_BIT_CONVERSION = YES;
				GCC_WARN_ABOUT_RETURN_TYPE = YES_ERROR;
				GCC_WARN_UNDECLARED_SELECTOR = YES;
				GCC_WARN_UNINITIALIZED_AUTOS = YES_AGGRESSIVE;
				GCC_WARN_UNUSED_FUNCTION = YES;
				GCC_WARN_UNUSED_VARIABLE = YES;
				IPHONEOS_DEPLOYMENT_TARGET = 7.1;
				ONLY_ACTIVE_ARCH = YES;
				SDKROOT = iphoneos;
				TARGETED_DEVICE_FAMILY = "1,2";
			};
			name = Debug;
		};
		A060C1E91997CCD700C4C876 /* Release */ = {
			isa = XCBuildConfiguration;
			buildSettings = {
				ALWAYS_SEARCH_USER_PATHS = NO;
				CLANG_CXX_LANGUAGE_STANDARD = "gnu++0x";
				CLANG_CXX_LIBRARY = "libc++";
				CLANG_ENABLE_MODULES = YES;
				CLANG_ENABLE_OBJC_ARC = YES;
				CLANG_WARN_BOOL_CONVERSION = YES;
				CLANG_WARN_CONSTANT_CONVERSION = YES;
				CLANG_WARN_DIRECT_OBJC_ISA_USAGE = YES_ERROR;
				CLANG_WARN_EMPTY_BODY = YES;
				CLANG_WARN_ENUM_CONVERSION = YES;
				CLANG_WARN_INT_CONVERSION = YES;
				CLANG_WARN_OBJC_ROOT_CLASS = YES_ERROR;
				CLANG_WARN__DUPLICATE_METHOD_MATCH = YES;
				"CODE_SIGN_IDENTITY[sdk=iphoneos*]" = "iPhone Developer";
				COPY_PHASE_STRIP = YES;
				ENABLE_NS_ASSERTIONS = NO;
				GCC_C_LANGUAGE_STANDARD = gnu99;
				GCC_WARN_64_TO_32_BIT_CONVERSION = YES;
				GCC_WARN_ABOUT_RETURN_TYPE = YES_ERROR;
				GCC_WARN_UNDECLARED_SELECTOR = YES;
				GCC_WARN_UNINITIALIZED_AUTOS = YES_AGGRESSIVE;
				GCC_WARN_UNUSED_FUNCTION = YES;
				GCC_WARN_UNUSED_VARIABLE = YES;
				IPHONEOS_DEPLOYMENT_TARGET = 7.1;
				SDKROOT = iphoneos;
				TARGETED_DEVICE_FAMILY = "1,2";
				VALIDATE_PRODUCT = YES;
			};
			name = Release;
		};
		A060C1EB1997CCD700C4C876 /* Debug */ = {
			isa = XCBuildConfiguration;
			buildSettings = {
				ASSETCATALOG_COMPILER_APPICON_NAME = AppIcon;
				ASSETCATALOG_COMPILER_LAUNCHIMAGE_NAME = LaunchImage;
				CODE_SIGN_IDENTITY = "iPhone Developer";
				FRAMEWORK_SEARCH_PATHS = (
					"$(inherited)",
					"$(PROJECT_DIR)/iNeedClass/Resources/Libraries",
				);
				GCC_PRECOMPILE_PREFIX_HEADER = YES;
				GCC_PREFIX_HEADER = "iNeedClass/iNeedClass-Prefix.pch";
				INFOPLIST_FILE = "iNeedClass/iNeedClass-Info.plist";
				LIBRARY_SEARCH_PATHS = "$(inherited)";
				ONLY_ACTIVE_ARCH = YES;
				OTHER_LDFLAGS = "-ObjC";
				PRODUCT_NAME = "$(TARGET_NAME)";
				VALID_ARCHS = "armv7 armv7s arm64";
				WRAPPER_EXTENSION = app;
			};
			name = Debug;
		};
		A060C1EC1997CCD700C4C876 /* Release */ = {
			isa = XCBuildConfiguration;
			buildSettings = {
				ASSETCATALOG_COMPILER_APPICON_NAME = AppIcon;
				ASSETCATALOG_COMPILER_LAUNCHIMAGE_NAME = LaunchImage;
				CODE_SIGN_IDENTITY = "iPhone Developer";
				FRAMEWORK_SEARCH_PATHS = (
					"$(inherited)",
					"$(PROJECT_DIR)/iNeedClass/Resources/Libraries",
				);
				GCC_PRECOMPILE_PREFIX_HEADER = YES;
				GCC_PREFIX_HEADER = "iNeedClass/iNeedClass-Prefix.pch";
				INFOPLIST_FILE = "iNeedClass/iNeedClass-Info.plist";
				LIBRARY_SEARCH_PATHS = "$(inherited)";
				ONLY_ACTIVE_ARCH = YES;
				OTHER_LDFLAGS = "-ObjC";
				PRODUCT_NAME = "$(TARGET_NAME)";
				VALID_ARCHS = "armv7 armv7s arm64";
				WRAPPER_EXTENSION = app;
			};
			name = Release;
		};
		A060C1EE1997CCD700C4C876 /* Debug */ = {
			isa = XCBuildConfiguration;
			buildSettings = {
				BUNDLE_LOADER = "$(BUILT_PRODUCTS_DIR)/iNeedClass.app/iNeedClass";
				FRAMEWORK_SEARCH_PATHS = (
					"$(SDKROOT)/Developer/Library/Frameworks",
					"$(inherited)",
					"$(DEVELOPER_FRAMEWORKS_DIR)",
				);
				GCC_PRECOMPILE_PREFIX_HEADER = YES;
				GCC_PREFIX_HEADER = "iNeedClass/iNeedClass-Prefix.pch";
				GCC_PREPROCESSOR_DEFINITIONS = (
					"DEBUG=1",
					"$(inherited)",
				);
				INFOPLIST_FILE = "iNeedClassTests/iNeedClassTests-Info.plist";
				PRODUCT_NAME = "$(TARGET_NAME)";
				TEST_HOST = "$(BUNDLE_LOADER)";
				WRAPPER_EXTENSION = xctest;
			};
			name = Debug;
		};
		A060C1EF1997CCD700C4C876 /* Release */ = {
			isa = XCBuildConfiguration;
			buildSettings = {
				BUNDLE_LOADER = "$(BUILT_PRODUCTS_DIR)/iNeedClass.app/iNeedClass";
				FRAMEWORK_SEARCH_PATHS = (
					"$(SDKROOT)/Developer/Library/Frameworks",
					"$(inherited)",
					"$(DEVELOPER_FRAMEWORKS_DIR)",
				);
				GCC_PRECOMPILE_PREFIX_HEADER = YES;
				GCC_PREFIX_HEADER = "iNeedClass/iNeedClass-Prefix.pch";
				INFOPLIST_FILE = "iNeedClassTests/iNeedClassTests-Info.plist";
				PRODUCT_NAME = "$(TARGET_NAME)";
				TEST_HOST = "$(BUNDLE_LOADER)";
				WRAPPER_EXTENSION = xctest;
			};
			name = Release;
		};
/* End XCBuildConfiguration section */

/* Begin XCConfigurationList section */
		A060C1B01997CCD600C4C876 /* Build configuration list for PBXProject "iNeedClass" */ = {
			isa = XCConfigurationList;
			buildConfigurations = (
				A060C1E81997CCD700C4C876 /* Debug */,
				A060C1E91997CCD700C4C876 /* Release */,
			);
			defaultConfigurationIsVisible = 0;
			defaultConfigurationName = Release;
		};
		A060C1EA1997CCD700C4C876 /* Build configuration list for PBXNativeTarget "iNeedClass" */ = {
			isa = XCConfigurationList;
			buildConfigurations = (
				A060C1EB1997CCD700C4C876 /* Debug */,
				A060C1EC1997CCD700C4C876 /* Release */,
			);
			defaultConfigurationIsVisible = 0;
			defaultConfigurationName = Release;
		};
		A060C1ED1997CCD700C4C876 /* Build configuration list for PBXNativeTarget "iNeedClassTests" */ = {
			isa = XCConfigurationList;
			buildConfigurations = (
				A060C1EE1997CCD700C4C876 /* Debug */,
				A060C1EF1997CCD700C4C876 /* Release */,
			);
			defaultConfigurationIsVisible = 0;
			defaultConfigurationName = Release;
		};
/* End XCConfigurationList section */

/* Begin XCVersionGroup section */
		A060C2181997DAE500C4C876 /* iNeedClass.xcdatamodeld */ = {
			isa = XCVersionGroup;
			children = (
				A060C2191997DAE500C4C876 /* iNeedClass.xcdatamodel */,
			);
			currentVersion = A060C2191997DAE500C4C876 /* iNeedClass.xcdatamodel */;
			path = iNeedClass.xcdatamodeld;
			sourceTree = "<group>";
			versionGroupType = wrapper.xcdatamodel;
		};
/* End XCVersionGroup section */
	};
	rootObject = A060C1AD1997CCD600C4C876 /* Project object */;
}
